// !$*UTF8*$!
{
	archiveVersion = 1;
	classes = {
	};
	objectVersion = 55;
	objects = {

/* Begin PBXBuildFile section */
		644B00336BD53B3797ACC3CB /* Pods_GoodMorningTests.framework in Frameworks */ = {isa = PBXBuildFile; fileRef = 10574D4C9B32A31D10D1877C /* Pods_GoodMorningTests.framework */; };
		80773A842A57E6210020F1DD /* AppDelegate.swift in Sources */ = {isa = PBXBuildFile; fileRef = 80773A832A57E6210020F1DD /* AppDelegate.swift */; };
		80773A862A57E6210020F1DD /* SceneDelegate.swift in Sources */ = {isa = PBXBuildFile; fileRef = 80773A852A57E6210020F1DD /* SceneDelegate.swift */; };
		80773A882A57E6210020F1DD /* ViewController.swift in Sources */ = {isa = PBXBuildFile; fileRef = 80773A872A57E6210020F1DD /* ViewController.swift */; };
		80773A8E2A57E6210020F1DD /* GoodMorning.xcdatamodeld in Sources */ = {isa = PBXBuildFile; fileRef = 80773A8C2A57E6210020F1DD /* GoodMorning.xcdatamodeld */; };
		80773A902A57E6230020F1DD /* Assets.xcassets in Resources */ = {isa = PBXBuildFile; fileRef = 80773A8F2A57E6230020F1DD /* Assets.xcassets */; };
		80773A932A57E6230020F1DD /* LaunchScreen.storyboard in Resources */ = {isa = PBXBuildFile; fileRef = 80773A912A57E6230020F1DD /* LaunchScreen.storyboard */; };
		80773A9E2A57E6230020F1DD /* GoodMorningTests.swift in Sources */ = {isa = PBXBuildFile; fileRef = 80773A9D2A57E6230020F1DD /* GoodMorningTests.swift */; };
		80773AA82A57E6230020F1DD /* GoodMorningUITests.swift in Sources */ = {isa = PBXBuildFile; fileRef = 80773AA72A57E6230020F1DD /* GoodMorningUITests.swift */; };
		80773AAA2A57E6230020F1DD /* GoodMorningUITestsLaunchTests.swift in Sources */ = {isa = PBXBuildFile; fileRef = 80773AA92A57E6230020F1DD /* GoodMorningUITestsLaunchTests.swift */; };
		8728F3C82A57F3280064A655 /* .swiftlint.yml in Resources */ = {isa = PBXBuildFile; fileRef = 8728F3C72A57F3280064A655 /* .swiftlint.yml */; };
		874569812A63C8D80092FAE5 /* LocationManager.swift in Sources */ = {isa = PBXBuildFile; fileRef = 874569802A63C8D80092FAE5 /* LocationManager.swift */; };
		876B04DB2A66841F0077486C /* LocationError.swift in Sources */ = {isa = PBXBuildFile; fileRef = 876B04DA2A66841F0077486C /* LocationError.swift */; };
		87978FA42A653E68009FE7FD /* LocationFetcher.swift in Sources */ = {isa = PBXBuildFile; fileRef = 87978FA32A653E68009FE7FD /* LocationFetcher.swift */; };
		87978FA62A653E7F009FE7FD /* LocationFetcherDelegate.swift in Sources */ = {isa = PBXBuildFile; fileRef = 87978FA52A653E7F009FE7FD /* LocationFetcherDelegate.swift */; };
		87978FAB2A653EF4009FE7FD /* CLLocationManager+.swift in Sources */ = {isa = PBXBuildFile; fileRef = 87978FAA2A653EF4009FE7FD /* CLLocationManager+.swift */; };
		BEF9FEDAE639412DC9A64210 /* Pods_GoodMorning.framework in Frameworks */ = {isa = PBXBuildFile; fileRef = ED89AB0FC30D84B1F7101507 /* Pods_GoodMorning.framework */; };
		FC19BA7D453F5058344E81D3 /* Pods_GoodMorning_GoodMorningUITests.framework in Frameworks */ = {isa = PBXBuildFile; fileRef = 8E3A2770BBC9EDD831B8B217 /* Pods_GoodMorning_GoodMorningUITests.framework */; };
/* End PBXBuildFile section */

/* Begin PBXContainerItemProxy section */
		80773A9A2A57E6230020F1DD /* PBXContainerItemProxy */ = {
			isa = PBXContainerItemProxy;
			containerPortal = 80773A782A57E6210020F1DD /* Project object */;
			proxyType = 1;
			remoteGlobalIDString = 80773A7F2A57E6210020F1DD;
			remoteInfo = GoodMorning;
		};
		80773AA42A57E6230020F1DD /* PBXContainerItemProxy */ = {
			isa = PBXContainerItemProxy;
			containerPortal = 80773A782A57E6210020F1DD /* Project object */;
			proxyType = 1;
			remoteGlobalIDString = 80773A7F2A57E6210020F1DD;
			remoteInfo = GoodMorning;
		};
/* End PBXContainerItemProxy section */

/* Begin PBXFileReference section */
		10574D4C9B32A31D10D1877C /* Pods_GoodMorningTests.framework */ = {isa = PBXFileReference; explicitFileType = wrapper.framework; includeInIndex = 0; path = Pods_GoodMorningTests.framework; sourceTree = BUILT_PRODUCTS_DIR; };
		3065518004BE5CC3830E9072 /* Pods-GoodMorning.release.xcconfig */ = {isa = PBXFileReference; includeInIndex = 1; lastKnownFileType = text.xcconfig; name = "Pods-GoodMorning.release.xcconfig"; path = "Target Support Files/Pods-GoodMorning/Pods-GoodMorning.release.xcconfig"; sourceTree = "<group>"; };
		401627FC16FEC7EC2C57770B /* Pods-GoodMorningTests.release.xcconfig */ = {isa = PBXFileReference; includeInIndex = 1; lastKnownFileType = text.xcconfig; name = "Pods-GoodMorningTests.release.xcconfig"; path = "Target Support Files/Pods-GoodMorningTests/Pods-GoodMorningTests.release.xcconfig"; sourceTree = "<group>"; };
		5E91D84F75973762F2BF9648 /* Pods-GoodMorning.debug.xcconfig */ = {isa = PBXFileReference; includeInIndex = 1; lastKnownFileType = text.xcconfig; name = "Pods-GoodMorning.debug.xcconfig"; path = "Target Support Files/Pods-GoodMorning/Pods-GoodMorning.debug.xcconfig"; sourceTree = "<group>"; };
		7BA3ADDA44E471601109F523 /* Pods-GoodMorning-GoodMorningUITests.debug.xcconfig */ = {isa = PBXFileReference; includeInIndex = 1; lastKnownFileType = text.xcconfig; name = "Pods-GoodMorning-GoodMorningUITests.debug.xcconfig"; path = "Target Support Files/Pods-GoodMorning-GoodMorningUITests/Pods-GoodMorning-GoodMorningUITests.debug.xcconfig"; sourceTree = "<group>"; };
		80773A802A57E6210020F1DD /* GoodMorning.app */ = {isa = PBXFileReference; explicitFileType = wrapper.application; includeInIndex = 0; path = GoodMorning.app; sourceTree = BUILT_PRODUCTS_DIR; };
		80773A832A57E6210020F1DD /* AppDelegate.swift */ = {isa = PBXFileReference; lastKnownFileType = sourcecode.swift; path = AppDelegate.swift; sourceTree = "<group>"; };
		80773A852A57E6210020F1DD /* SceneDelegate.swift */ = {isa = PBXFileReference; lastKnownFileType = sourcecode.swift; path = SceneDelegate.swift; sourceTree = "<group>"; };
		80773A872A57E6210020F1DD /* ViewController.swift */ = {isa = PBXFileReference; lastKnownFileType = sourcecode.swift; path = ViewController.swift; sourceTree = "<group>"; };
		80773A8D2A57E6210020F1DD /* GoodMorning.xcdatamodel */ = {isa = PBXFileReference; lastKnownFileType = wrapper.xcdatamodel; path = GoodMorning.xcdatamodel; sourceTree = "<group>"; };
		80773A8F2A57E6230020F1DD /* Assets.xcassets */ = {isa = PBXFileReference; lastKnownFileType = folder.assetcatalog; path = Assets.xcassets; sourceTree = "<group>"; };
		80773A922A57E6230020F1DD /* Base */ = {isa = PBXFileReference; lastKnownFileType = file.storyboard; name = Base; path = Base.lproj/LaunchScreen.storyboard; sourceTree = "<group>"; };
		80773A942A57E6230020F1DD /* Info.plist */ = {isa = PBXFileReference; lastKnownFileType = text.plist.xml; path = Info.plist; sourceTree = "<group>"; };
		80773A992A57E6230020F1DD /* GoodMorningTests.xctest */ = {isa = PBXFileReference; explicitFileType = wrapper.cfbundle; includeInIndex = 0; path = GoodMorningTests.xctest; sourceTree = BUILT_PRODUCTS_DIR; };
		80773A9D2A57E6230020F1DD /* GoodMorningTests.swift */ = {isa = PBXFileReference; lastKnownFileType = sourcecode.swift; path = GoodMorningTests.swift; sourceTree = "<group>"; };
		80773AA32A57E6230020F1DD /* GoodMorningUITests.xctest */ = {isa = PBXFileReference; explicitFileType = wrapper.cfbundle; includeInIndex = 0; path = GoodMorningUITests.xctest; sourceTree = BUILT_PRODUCTS_DIR; };
		80773AA72A57E6230020F1DD /* GoodMorningUITests.swift */ = {isa = PBXFileReference; lastKnownFileType = sourcecode.swift; path = GoodMorningUITests.swift; sourceTree = "<group>"; };
		80773AA92A57E6230020F1DD /* GoodMorningUITestsLaunchTests.swift */ = {isa = PBXFileReference; lastKnownFileType = sourcecode.swift; path = GoodMorningUITestsLaunchTests.swift; sourceTree = "<group>"; };
		8728F3C72A57F3280064A655 /* .swiftlint.yml */ = {isa = PBXFileReference; lastKnownFileType = text.yaml; path = .swiftlint.yml; sourceTree = "<group>"; };
		874569802A63C8D80092FAE5 /* LocationManager.swift */ = {isa = PBXFileReference; lastKnownFileType = sourcecode.swift; path = LocationManager.swift; sourceTree = "<group>"; };
		876B04DA2A66841F0077486C /* LocationError.swift */ = {isa = PBXFileReference; lastKnownFileType = sourcecode.swift; path = LocationError.swift; sourceTree = "<group>"; };
		87978FA32A653E68009FE7FD /* LocationFetcher.swift */ = {isa = PBXFileReference; lastKnownFileType = sourcecode.swift; path = LocationFetcher.swift; sourceTree = "<group>"; };
		87978FA52A653E7F009FE7FD /* LocationFetcherDelegate.swift */ = {isa = PBXFileReference; lastKnownFileType = sourcecode.swift; path = LocationFetcherDelegate.swift; sourceTree = "<group>"; };
		87978FAA2A653EF4009FE7FD /* CLLocationManager+.swift */ = {isa = PBXFileReference; lastKnownFileType = sourcecode.swift; path = "CLLocationManager+.swift"; sourceTree = "<group>"; };
		8E3A2770BBC9EDD831B8B217 /* Pods_GoodMorning_GoodMorningUITests.framework */ = {isa = PBXFileReference; explicitFileType = wrapper.framework; includeInIndex = 0; path = Pods_GoodMorning_GoodMorningUITests.framework; sourceTree = BUILT_PRODUCTS_DIR; };
		A44F883FD49649CDDC6E07DE /* Pods-GoodMorning-GoodMorningUITests.release.xcconfig */ = {isa = PBXFileReference; includeInIndex = 1; lastKnownFileType = text.xcconfig; name = "Pods-GoodMorning-GoodMorningUITests.release.xcconfig"; path = "Target Support Files/Pods-GoodMorning-GoodMorningUITests/Pods-GoodMorning-GoodMorningUITests.release.xcconfig"; sourceTree = "<group>"; };
		A883135CEBE3618D806692E7 /* Pods-GoodMorningTests.debug.xcconfig */ = {isa = PBXFileReference; includeInIndex = 1; lastKnownFileType = text.xcconfig; name = "Pods-GoodMorningTests.debug.xcconfig"; path = "Target Support Files/Pods-GoodMorningTests/Pods-GoodMorningTests.debug.xcconfig"; sourceTree = "<group>"; };
		ED89AB0FC30D84B1F7101507 /* Pods_GoodMorning.framework */ = {isa = PBXFileReference; explicitFileType = wrapper.framework; includeInIndex = 0; path = Pods_GoodMorning.framework; sourceTree = BUILT_PRODUCTS_DIR; };
/* End PBXFileReference section */

/* Begin PBXFrameworksBuildPhase section */
		80773A7D2A57E6210020F1DD /* Frameworks */ = {
			isa = PBXFrameworksBuildPhase;
			buildActionMask = 2147483647;
			files = (
				BEF9FEDAE639412DC9A64210 /* Pods_GoodMorning.framework in Frameworks */,
			);
			runOnlyForDeploymentPostprocessing = 0;
		};
		80773A962A57E6230020F1DD /* Frameworks */ = {
			isa = PBXFrameworksBuildPhase;
			buildActionMask = 2147483647;
			files = (
				644B00336BD53B3797ACC3CB /* Pods_GoodMorningTests.framework in Frameworks */,
			);
			runOnlyForDeploymentPostprocessing = 0;
		};
		80773AA02A57E6230020F1DD /* Frameworks */ = {
			isa = PBXFrameworksBuildPhase;
			buildActionMask = 2147483647;
			files = (
				FC19BA7D453F5058344E81D3 /* Pods_GoodMorning_GoodMorningUITests.framework in Frameworks */,
			);
			runOnlyForDeploymentPostprocessing = 0;
		};
/* End PBXFrameworksBuildPhase section */

/* Begin PBXGroup section */
		80773A772A57E6210020F1DD = {
			isa = PBXGroup;
			children = (
				8728F3C72A57F3280064A655 /* .swiftlint.yml */,
				80773A822A57E6210020F1DD /* GoodMorning */,
				80773A9C2A57E6230020F1DD /* GoodMorningTests */,
				80773AA62A57E6230020F1DD /* GoodMorningUITests */,
				80773A812A57E6210020F1DD /* Products */,
				F317094B738C7339B328A52B /* Pods */,
				AA9AFF43ECD13EF98FBE233E /* Frameworks */,
			);
			sourceTree = "<group>";
		};
		80773A812A57E6210020F1DD /* Products */ = {
			isa = PBXGroup;
			children = (
				80773A802A57E6210020F1DD /* GoodMorning.app */,
				80773A992A57E6230020F1DD /* GoodMorningTests.xctest */,
				80773AA32A57E6230020F1DD /* GoodMorningUITests.xctest */,
			);
			name = Products;
			sourceTree = "<group>";
		};
		80773A822A57E6210020F1DD /* GoodMorning */ = {
			isa = PBXGroup;
			children = (
				80773A832A57E6210020F1DD /* AppDelegate.swift */,
				80773A852A57E6210020F1DD /* SceneDelegate.swift */,
				80773A872A57E6210020F1DD /* ViewController.swift */,
				8745697F2A63C8C40092FAE5 /* CoreLocation */,
				80773A8F2A57E6230020F1DD /* Assets.xcassets */,
				80773A912A57E6230020F1DD /* LaunchScreen.storyboard */,
				80773A942A57E6230020F1DD /* Info.plist */,
				80773A8C2A57E6210020F1DD /* GoodMorning.xcdatamodeld */,
			);
			path = GoodMorning;
			sourceTree = "<group>";
		};
		80773A9C2A57E6230020F1DD /* GoodMorningTests */ = {
			isa = PBXGroup;
			children = (
				80773A9D2A57E6230020F1DD /* GoodMorningTests.swift */,
			);
			path = GoodMorningTests;
			sourceTree = "<group>";
		};
		80773AA62A57E6230020F1DD /* GoodMorningUITests */ = {
			isa = PBXGroup;
			children = (
				80773AA72A57E6230020F1DD /* GoodMorningUITests.swift */,
				80773AA92A57E6230020F1DD /* GoodMorningUITestsLaunchTests.swift */,
			);
			path = GoodMorningUITests;
			sourceTree = "<group>";
		};
		8745697F2A63C8C40092FAE5 /* CoreLocation */ = {
			isa = PBXGroup;
			children = (
				87978FA72A653EBF009FE7FD /* Extensions */,
				874569802A63C8D80092FAE5 /* LocationManager.swift */,
				876B04DA2A66841F0077486C /* LocationError.swift */,
				87978FA22A653E5D009FE7FD /* Interface */,
			);
			path = CoreLocation;
			sourceTree = "<group>";
		};
		87978FA22A653E5D009FE7FD /* Interface */ = {
			isa = PBXGroup;
			children = (
				87978FA32A653E68009FE7FD /* LocationFetcher.swift */,
				87978FA52A653E7F009FE7FD /* LocationFetcherDelegate.swift */,
			);
			path = Interface;
			sourceTree = "<group>";
		};
		87978FA72A653EBF009FE7FD /* Extensions */ = {
			isa = PBXGroup;
			children = (
				87978FAA2A653EF4009FE7FD /* CLLocationManager+.swift */,
			);
			path = Extensions;
			sourceTree = "<group>";
		};
		AA9AFF43ECD13EF98FBE233E /* Frameworks */ = {
			isa = PBXGroup;
			children = (
				ED89AB0FC30D84B1F7101507 /* Pods_GoodMorning.framework */,
				8E3A2770BBC9EDD831B8B217 /* Pods_GoodMorning_GoodMorningUITests.framework */,
				10574D4C9B32A31D10D1877C /* Pods_GoodMorningTests.framework */,
			);
			name = Frameworks;
			sourceTree = "<group>";
		};
		F317094B738C7339B328A52B /* Pods */ = {
			isa = PBXGroup;
			children = (
				5E91D84F75973762F2BF9648 /* Pods-GoodMorning.debug.xcconfig */,
				3065518004BE5CC3830E9072 /* Pods-GoodMorning.release.xcconfig */,
				7BA3ADDA44E471601109F523 /* Pods-GoodMorning-GoodMorningUITests.debug.xcconfig */,
				A44F883FD49649CDDC6E07DE /* Pods-GoodMorning-GoodMorningUITests.release.xcconfig */,
				A883135CEBE3618D806692E7 /* Pods-GoodMorningTests.debug.xcconfig */,
				401627FC16FEC7EC2C57770B /* Pods-GoodMorningTests.release.xcconfig */,
			);
			path = Pods;
			sourceTree = "<group>";
		};
/* End PBXGroup section */

/* Begin PBXNativeTarget section */
		80773A7F2A57E6210020F1DD /* GoodMorning */ = {
			isa = PBXNativeTarget;
			buildConfigurationList = 80773AAD2A57E6230020F1DD /* Build configuration list for PBXNativeTarget "GoodMorning" */;
			buildPhases = (
				83FE605E3B9A0DB19442B957 /* [CP] Check Pods Manifest.lock */,
				80773AB62A57EA300020F1DD /* SwiftLint Script */,
				80773A7C2A57E6210020F1DD /* Sources */,
				80773A7D2A57E6210020F1DD /* Frameworks */,
				80773A7E2A57E6210020F1DD /* Resources */,
				28E705A33B00C985AC0343E4 /* [CP] Embed Pods Frameworks */,
			);
			buildRules = (
			);
			dependencies = (
			);
			name = GoodMorning;
			productName = GoodMorning;
			productReference = 80773A802A57E6210020F1DD /* GoodMorning.app */;
			productType = "com.apple.product-type.application";
		};
		80773A982A57E6230020F1DD /* GoodMorningTests */ = {
			isa = PBXNativeTarget;
			buildConfigurationList = 80773AB02A57E6230020F1DD /* Build configuration list for PBXNativeTarget "GoodMorningTests" */;
			buildPhases = (
				2EEF9FFECA55FFD0B64CB738 /* [CP] Check Pods Manifest.lock */,
				80773A952A57E6230020F1DD /* Sources */,
				80773A962A57E6230020F1DD /* Frameworks */,
				80773A972A57E6230020F1DD /* Resources */,
			);
			buildRules = (
			);
			dependencies = (
				80773A9B2A57E6230020F1DD /* PBXTargetDependency */,
			);
			name = GoodMorningTests;
			productName = GoodMorningTests;
			productReference = 80773A992A57E6230020F1DD /* GoodMorningTests.xctest */;
			productType = "com.apple.product-type.bundle.unit-test";
		};
		80773AA22A57E6230020F1DD /* GoodMorningUITests */ = {
			isa = PBXNativeTarget;
			buildConfigurationList = 80773AB32A57E6230020F1DD /* Build configuration list for PBXNativeTarget "GoodMorningUITests" */;
			buildPhases = (
				B62059C348DF897B958BB711 /* [CP] Check Pods Manifest.lock */,
				80773A9F2A57E6230020F1DD /* Sources */,
				80773AA02A57E6230020F1DD /* Frameworks */,
				80773AA12A57E6230020F1DD /* Resources */,
				ECC3016898AB1CE451DA504B /* [CP] Embed Pods Frameworks */,
			);
			buildRules = (
			);
			dependencies = (
				80773AA52A57E6230020F1DD /* PBXTargetDependency */,
			);
			name = GoodMorningUITests;
			productName = GoodMorningUITests;
			productReference = 80773AA32A57E6230020F1DD /* GoodMorningUITests.xctest */;
			productType = "com.apple.product-type.bundle.ui-testing";
		};
/* End PBXNativeTarget section */

/* Begin PBXProject section */
		80773A782A57E6210020F1DD /* Project object */ = {
			isa = PBXProject;
			attributes = {
				BuildIndependentTargetsInParallel = 1;
				LastSwiftUpdateCheck = 1420;
				LastUpgradeCheck = 1420;
				TargetAttributes = {
					80773A7F2A57E6210020F1DD = {
						CreatedOnToolsVersion = 14.2;
					};
					80773A982A57E6230020F1DD = {
						CreatedOnToolsVersion = 14.2;
						TestTargetID = 80773A7F2A57E6210020F1DD;
					};
					80773AA22A57E6230020F1DD = {
						CreatedOnToolsVersion = 14.2;
						TestTargetID = 80773A7F2A57E6210020F1DD;
					};
				};
			};
			buildConfigurationList = 80773A7B2A57E6210020F1DD /* Build configuration list for PBXProject "GoodMorning" */;
			compatibilityVersion = "Xcode 13.0";
			developmentRegion = en;
			hasScannedForEncodings = 0;
			knownRegions = (
				en,
				Base,
			);
			mainGroup = 80773A772A57E6210020F1DD;
			packageReferences = (
			);
			productRefGroup = 80773A812A57E6210020F1DD /* Products */;
			projectDirPath = "";
			projectRoot = "";
			targets = (
				80773A7F2A57E6210020F1DD /* GoodMorning */,
				80773A982A57E6230020F1DD /* GoodMorningTests */,
				80773AA22A57E6230020F1DD /* GoodMorningUITests */,
			);
		};
/* End PBXProject section */

/* Begin PBXResourcesBuildPhase section */
		80773A7E2A57E6210020F1DD /* Resources */ = {
			isa = PBXResourcesBuildPhase;
			buildActionMask = 2147483647;
			files = (
				8728F3C82A57F3280064A655 /* .swiftlint.yml in Resources */,
				80773A932A57E6230020F1DD /* LaunchScreen.storyboard in Resources */,
				80773A902A57E6230020F1DD /* Assets.xcassets in Resources */,
			);
			runOnlyForDeploymentPostprocessing = 0;
		};
		80773A972A57E6230020F1DD /* Resources */ = {
			isa = PBXResourcesBuildPhase;
			buildActionMask = 2147483647;
			files = (
			);
			runOnlyForDeploymentPostprocessing = 0;
		};
		80773AA12A57E6230020F1DD /* Resources */ = {
			isa = PBXResourcesBuildPhase;
			buildActionMask = 2147483647;
			files = (
			);
			runOnlyForDeploymentPostprocessing = 0;
		};
/* End PBXResourcesBuildPhase section */

/* Begin PBXShellScriptBuildPhase section */
		28E705A33B00C985AC0343E4 /* [CP] Embed Pods Frameworks */ = {
			isa = PBXShellScriptBuildPhase;
			buildActionMask = 2147483647;
			files = (
			);
			inputFileListPaths = (
				"${PODS_ROOT}/Target Support Files/Pods-GoodMorning/Pods-GoodMorning-frameworks-${CONFIGURATION}-input-files.xcfilelist",
			);
			name = "[CP] Embed Pods Frameworks";
			outputFileListPaths = (
				"${PODS_ROOT}/Target Support Files/Pods-GoodMorning/Pods-GoodMorning-frameworks-${CONFIGURATION}-output-files.xcfilelist",
			);
			runOnlyForDeploymentPostprocessing = 0;
			shellPath = /bin/sh;
			shellScript = "\"${PODS_ROOT}/Target Support Files/Pods-GoodMorning/Pods-GoodMorning-frameworks.sh\"\n";
			showEnvVarsInLog = 0;
		};
		2EEF9FFECA55FFD0B64CB738 /* [CP] Check Pods Manifest.lock */ = {
			isa = PBXShellScriptBuildPhase;
			buildActionMask = 2147483647;
			files = (
			);
			inputFileListPaths = (
			);
			inputPaths = (
				"${PODS_PODFILE_DIR_PATH}/Podfile.lock",
				"${PODS_ROOT}/Manifest.lock",
			);
			name = "[CP] Check Pods Manifest.lock";
			outputFileListPaths = (
			);
			outputPaths = (
				"$(DERIVED_FILE_DIR)/Pods-GoodMorningTests-checkManifestLockResult.txt",
			);
			runOnlyForDeploymentPostprocessing = 0;
			shellPath = /bin/sh;
			shellScript = "diff \"${PODS_PODFILE_DIR_PATH}/Podfile.lock\" \"${PODS_ROOT}/Manifest.lock\" > /dev/null\nif [ $? != 0 ] ; then\n    # print error to STDERR\n    echo \"error: The sandbox is not in sync with the Podfile.lock. Run 'pod install' or update your CocoaPods installation.\" >&2\n    exit 1\nfi\n# This output is used by Xcode 'outputs' to avoid re-running this script phase.\necho \"SUCCESS\" > \"${SCRIPT_OUTPUT_FILE_0}\"\n";
			showEnvVarsInLog = 0;
		};
		80773AB62A57EA300020F1DD /* SwiftLint Script */ = {
			isa = PBXShellScriptBuildPhase;
			alwaysOutOfDate = 1;
			buildActionMask = 2147483647;
			files = (
			);
			inputFileListPaths = (
			);
			inputPaths = (
			);
			name = "SwiftLint Script";
			outputFileListPaths = (
			);
			outputPaths = (
			);
			runOnlyForDeploymentPostprocessing = 0;
			shellPath = /bin/sh;
			shellScript = "\"${PODS_ROOT}/SwiftLint/swiftlint\"\n";
		};
		83FE605E3B9A0DB19442B957 /* [CP] Check Pods Manifest.lock */ = {
			isa = PBXShellScriptBuildPhase;
			buildActionMask = 2147483647;
			files = (
			);
			inputFileListPaths = (
			);
			inputPaths = (
				"${PODS_PODFILE_DIR_PATH}/Podfile.lock",
				"${PODS_ROOT}/Manifest.lock",
			);
			name = "[CP] Check Pods Manifest.lock";
			outputFileListPaths = (
			);
			outputPaths = (
				"$(DERIVED_FILE_DIR)/Pods-GoodMorning-checkManifestLockResult.txt",
			);
			runOnlyForDeploymentPostprocessing = 0;
			shellPath = /bin/sh;
			shellScript = "diff \"${PODS_PODFILE_DIR_PATH}/Podfile.lock\" \"${PODS_ROOT}/Manifest.lock\" > /dev/null\nif [ $? != 0 ] ; then\n    # print error to STDERR\n    echo \"error: The sandbox is not in sync with the Podfile.lock. Run 'pod install' or update your CocoaPods installation.\" >&2\n    exit 1\nfi\n# This output is used by Xcode 'outputs' to avoid re-running this script phase.\necho \"SUCCESS\" > \"${SCRIPT_OUTPUT_FILE_0}\"\n";
			showEnvVarsInLog = 0;
		};
		B62059C348DF897B958BB711 /* [CP] Check Pods Manifest.lock */ = {
			isa = PBXShellScriptBuildPhase;
			buildActionMask = 2147483647;
			files = (
			);
			inputFileListPaths = (
			);
			inputPaths = (
				"${PODS_PODFILE_DIR_PATH}/Podfile.lock",
				"${PODS_ROOT}/Manifest.lock",
			);
			name = "[CP] Check Pods Manifest.lock";
			outputFileListPaths = (
			);
			outputPaths = (
				"$(DERIVED_FILE_DIR)/Pods-GoodMorning-GoodMorningUITests-checkManifestLockResult.txt",
			);
			runOnlyForDeploymentPostprocessing = 0;
			shellPath = /bin/sh;
			shellScript = "diff \"${PODS_PODFILE_DIR_PATH}/Podfile.lock\" \"${PODS_ROOT}/Manifest.lock\" > /dev/null\nif [ $? != 0 ] ; then\n    # print error to STDERR\n    echo \"error: The sandbox is not in sync with the Podfile.lock. Run 'pod install' or update your CocoaPods installation.\" >&2\n    exit 1\nfi\n# This output is used by Xcode 'outputs' to avoid re-running this script phase.\necho \"SUCCESS\" > \"${SCRIPT_OUTPUT_FILE_0}\"\n";
			showEnvVarsInLog = 0;
		};
		ECC3016898AB1CE451DA504B /* [CP] Embed Pods Frameworks */ = {
			isa = PBXShellScriptBuildPhase;
			buildActionMask = 2147483647;
			files = (
			);
			inputFileListPaths = (
				"${PODS_ROOT}/Target Support Files/Pods-GoodMorning-GoodMorningUITests/Pods-GoodMorning-GoodMorningUITests-frameworks-${CONFIGURATION}-input-files.xcfilelist",
			);
			name = "[CP] Embed Pods Frameworks";
			outputFileListPaths = (
				"${PODS_ROOT}/Target Support Files/Pods-GoodMorning-GoodMorningUITests/Pods-GoodMorning-GoodMorningUITests-frameworks-${CONFIGURATION}-output-files.xcfilelist",
			);
			runOnlyForDeploymentPostprocessing = 0;
			shellPath = /bin/sh;
			shellScript = "\"${PODS_ROOT}/Target Support Files/Pods-GoodMorning-GoodMorningUITests/Pods-GoodMorning-GoodMorningUITests-frameworks.sh\"\n";
			showEnvVarsInLog = 0;
		};
/* End PBXShellScriptBuildPhase section */

/* Begin PBXSourcesBuildPhase section */
		80773A7C2A57E6210020F1DD /* Sources */ = {
			isa = PBXSourcesBuildPhase;
			buildActionMask = 2147483647;
			files = (
				87978FAB2A653EF4009FE7FD /* CLLocationManager+.swift in Sources */,
				80773A882A57E6210020F1DD /* ViewController.swift in Sources */,
				80773A842A57E6210020F1DD /* AppDelegate.swift in Sources */,
				87978FA42A653E68009FE7FD /* LocationFetcher.swift in Sources */,
				874569812A63C8D80092FAE5 /* LocationManager.swift in Sources */,
				80773A862A57E6210020F1DD /* SceneDelegate.swift in Sources */,
				876B04DB2A66841F0077486C /* LocationError.swift in Sources */,
				80773A8E2A57E6210020F1DD /* GoodMorning.xcdatamodeld in Sources */,
				87978FA62A653E7F009FE7FD /* LocationFetcherDelegate.swift in Sources */,
			);
			runOnlyForDeploymentPostprocessing = 0;
		};
		80773A952A57E6230020F1DD /* Sources */ = {
			isa = PBXSourcesBuildPhase;
			buildActionMask = 2147483647;
			files = (
				80773A9E2A57E6230020F1DD /* GoodMorningTests.swift in Sources */,
			);
			runOnlyForDeploymentPostprocessing = 0;
		};
		80773A9F2A57E6230020F1DD /* Sources */ = {
			isa = PBXSourcesBuildPhase;
			buildActionMask = 2147483647;
			files = (
				80773AAA2A57E6230020F1DD /* GoodMorningUITestsLaunchTests.swift in Sources */,
				80773AA82A57E6230020F1DD /* GoodMorningUITests.swift in Sources */,
			);
			runOnlyForDeploymentPostprocessing = 0;
		};
/* End PBXSourcesBuildPhase section */

/* Begin PBXTargetDependency section */
		80773A9B2A57E6230020F1DD /* PBXTargetDependency */ = {
			isa = PBXTargetDependency;
			target = 80773A7F2A57E6210020F1DD /* GoodMorning */;
			targetProxy = 80773A9A2A57E6230020F1DD /* PBXContainerItemProxy */;
		};
		80773AA52A57E6230020F1DD /* PBXTargetDependency */ = {
			isa = PBXTargetDependency;
			target = 80773A7F2A57E6210020F1DD /* GoodMorning */;
			targetProxy = 80773AA42A57E6230020F1DD /* PBXContainerItemProxy */;
		};
/* End PBXTargetDependency section */

/* Begin PBXVariantGroup section */
		80773A912A57E6230020F1DD /* LaunchScreen.storyboard */ = {
			isa = PBXVariantGroup;
			children = (
				80773A922A57E6230020F1DD /* Base */,
			);
			name = LaunchScreen.storyboard;
			sourceTree = "<group>";
		};
/* End PBXVariantGroup section */

/* Begin XCBuildConfiguration section */
		80773AAB2A57E6230020F1DD /* Debug */ = {
			isa = XCBuildConfiguration;
			buildSettings = {
				ALWAYS_SEARCH_USER_PATHS = NO;
				CLANG_ANALYZER_NONNULL = YES;
				CLANG_ANALYZER_NUMBER_OBJECT_CONVERSION = YES_AGGRESSIVE;
				CLANG_CXX_LANGUAGE_STANDARD = "gnu++20";
				CLANG_ENABLE_MODULES = YES;
				CLANG_ENABLE_OBJC_ARC = YES;
				CLANG_ENABLE_OBJC_WEAK = YES;
				CLANG_WARN_BLOCK_CAPTURE_AUTORELEASING = YES;
				CLANG_WARN_BOOL_CONVERSION = YES;
				CLANG_WARN_COMMA = YES;
				CLANG_WARN_CONSTANT_CONVERSION = YES;
				CLANG_WARN_DEPRECATED_OBJC_IMPLEMENTATIONS = YES;
				CLANG_WARN_DIRECT_OBJC_ISA_USAGE = YES_ERROR;
				CLANG_WARN_DOCUMENTATION_COMMENTS = YES;
				CLANG_WARN_EMPTY_BODY = YES;
				CLANG_WARN_ENUM_CONVERSION = YES;
				CLANG_WARN_INFINITE_RECURSION = YES;
				CLANG_WARN_INT_CONVERSION = YES;
				CLANG_WARN_NON_LITERAL_NULL_CONVERSION = YES;
				CLANG_WARN_OBJC_IMPLICIT_RETAIN_SELF = YES;
				CLANG_WARN_OBJC_LITERAL_CONVERSION = YES;
				CLANG_WARN_OBJC_ROOT_CLASS = YES_ERROR;
				CLANG_WARN_QUOTED_INCLUDE_IN_FRAMEWORK_HEADER = YES;
				CLANG_WARN_RANGE_LOOP_ANALYSIS = YES;
				CLANG_WARN_STRICT_PROTOTYPES = YES;
				CLANG_WARN_SUSPICIOUS_MOVE = YES;
				CLANG_WARN_UNGUARDED_AVAILABILITY = YES_AGGRESSIVE;
				CLANG_WARN_UNREACHABLE_CODE = YES;
				CLANG_WARN__DUPLICATE_METHOD_MATCH = YES;
				COPY_PHASE_STRIP = NO;
				DEBUG_INFORMATION_FORMAT = dwarf;
				ENABLE_STRICT_OBJC_MSGSEND = YES;
				ENABLE_TESTABILITY = YES;
				GCC_C_LANGUAGE_STANDARD = gnu11;
				GCC_DYNAMIC_NO_PIC = NO;
				GCC_NO_COMMON_BLOCKS = YES;
				GCC_OPTIMIZATION_LEVEL = 0;
				GCC_PREPROCESSOR_DEFINITIONS = (
					"DEBUG=1",
					"$(inherited)",
				);
				GCC_WARN_64_TO_32_BIT_CONVERSION = YES;
				GCC_WARN_ABOUT_RETURN_TYPE = YES_ERROR;
				GCC_WARN_UNDECLARED_SELECTOR = YES;
				GCC_WARN_UNINITIALIZED_AUTOS = YES_AGGRESSIVE;
				GCC_WARN_UNUSED_FUNCTION = YES;
				GCC_WARN_UNUSED_VARIABLE = YES;
				IPHONEOS_DEPLOYMENT_TARGET = 16.0;
				MTL_ENABLE_DEBUG_INFO = INCLUDE_SOURCE;
				MTL_FAST_MATH = YES;
				ONLY_ACTIVE_ARCH = YES;
				SDKROOT = iphoneos;
				SWIFT_ACTIVE_COMPILATION_CONDITIONS = DEBUG;
				SWIFT_OPTIMIZATION_LEVEL = "-Onone";
			};
			name = Debug;
		};
		80773AAC2A57E6230020F1DD /* Release */ = {
			isa = XCBuildConfiguration;
			buildSettings = {
				ALWAYS_SEARCH_USER_PATHS = NO;
				CLANG_ANALYZER_NONNULL = YES;
				CLANG_ANALYZER_NUMBER_OBJECT_CONVERSION = YES_AGGRESSIVE;
				CLANG_CXX_LANGUAGE_STANDARD = "gnu++20";
				CLANG_ENABLE_MODULES = YES;
				CLANG_ENABLE_OBJC_ARC = YES;
				CLANG_ENABLE_OBJC_WEAK = YES;
				CLANG_WARN_BLOCK_CAPTURE_AUTORELEASING = YES;
				CLANG_WARN_BOOL_CONVERSION = YES;
				CLANG_WARN_COMMA = YES;
				CLANG_WARN_CONSTANT_CONVERSION = YES;
				CLANG_WARN_DEPRECATED_OBJC_IMPLEMENTATIONS = YES;
				CLANG_WARN_DIRECT_OBJC_ISA_USAGE = YES_ERROR;
				CLANG_WARN_DOCUMENTATION_COMMENTS = YES;
				CLANG_WARN_EMPTY_BODY = YES;
				CLANG_WARN_ENUM_CONVERSION = YES;
				CLANG_WARN_INFINITE_RECURSION = YES;
				CLANG_WARN_INT_CONVERSION = YES;
				CLANG_WARN_NON_LITERAL_NULL_CONVERSION = YES;
				CLANG_WARN_OBJC_IMPLICIT_RETAIN_SELF = YES;
				CLANG_WARN_OBJC_LITERAL_CONVERSION = YES;
				CLANG_WARN_OBJC_ROOT_CLASS = YES_ERROR;
				CLANG_WARN_QUOTED_INCLUDE_IN_FRAMEWORK_HEADER = YES;
				CLANG_WARN_RANGE_LOOP_ANALYSIS = YES;
				CLANG_WARN_STRICT_PROTOTYPES = YES;
				CLANG_WARN_SUSPICIOUS_MOVE = YES;
				CLANG_WARN_UNGUARDED_AVAILABILITY = YES_AGGRESSIVE;
				CLANG_WARN_UNREACHABLE_CODE = YES;
				CLANG_WARN__DUPLICATE_METHOD_MATCH = YES;
				COPY_PHASE_STRIP = NO;
				DEBUG_INFORMATION_FORMAT = "dwarf-with-dsym";
				ENABLE_NS_ASSERTIONS = NO;
				ENABLE_STRICT_OBJC_MSGSEND = YES;
				GCC_C_LANGUAGE_STANDARD = gnu11;
				GCC_NO_COMMON_BLOCKS = YES;
				GCC_WARN_64_TO_32_BIT_CONVERSION = YES;
				GCC_WARN_ABOUT_RETURN_TYPE = YES_ERROR;
				GCC_WARN_UNDECLARED_SELECTOR = YES;
				GCC_WARN_UNINITIALIZED_AUTOS = YES_AGGRESSIVE;
				GCC_WARN_UNUSED_FUNCTION = YES;
				GCC_WARN_UNUSED_VARIABLE = YES;
				IPHONEOS_DEPLOYMENT_TARGET = 16.0;
				MTL_ENABLE_DEBUG_INFO = NO;
				MTL_FAST_MATH = YES;
				SDKROOT = iphoneos;
				SWIFT_COMPILATION_MODE = wholemodule;
				SWIFT_OPTIMIZATION_LEVEL = "-O";
				VALIDATE_PRODUCT = YES;
			};
			name = Release;
		};
		80773AAE2A57E6230020F1DD /* Debug */ = {
			isa = XCBuildConfiguration;
			baseConfigurationReference = 5E91D84F75973762F2BF9648 /* Pods-GoodMorning.debug.xcconfig */;
			buildSettings = {
				ASSETCATALOG_COMPILER_APPICON_NAME = AppIcon;
				ASSETCATALOG_COMPILER_GLOBAL_ACCENT_COLOR_NAME = AccentColor;
				CODE_SIGN_STYLE = Automatic;
				CURRENT_PROJECT_VERSION = 1;
				DEVELOPMENT_TEAM = 9XR48RYD63;
				GENERATE_INFOPLIST_FILE = YES;
				INFOPLIST_FILE = GoodMorning/Info.plist;
				INFOPLIST_KEY_UIApplicationSupportsIndirectInputEvents = YES;
				INFOPLIST_KEY_UILaunchStoryboardName = LaunchScreen;
				INFOPLIST_KEY_UISupportedInterfaceOrientations_iPad = "UIInterfaceOrientationPortrait UIInterfaceOrientationPortraitUpsideDown UIInterfaceOrientationLandscapeLeft UIInterfaceOrientationLandscapeRight";
				INFOPLIST_KEY_UISupportedInterfaceOrientations_iPhone = "UIInterfaceOrientationPortrait UIInterfaceOrientationLandscapeLeft UIInterfaceOrientationLandscapeRight";
				IPHONEOS_DEPLOYMENT_TARGET = 16.0;
				LD_RUNPATH_SEARCH_PATHS = (
					"$(inherited)",
					"@executable_path/Frameworks",
				);
				MARKETING_VERSION = 1.0;
				PRODUCT_BUNDLE_IDENTIFIER = com.longlivedrgn;
				PRODUCT_NAME = "$(TARGET_NAME)";
				SWIFT_EMIT_LOC_STRINGS = YES;
				SWIFT_VERSION = 5.0;
				TARGETED_DEVICE_FAMILY = "1,2";
			};
			name = Debug;
		};
		80773AAF2A57E6230020F1DD /* Release */ = {
			isa = XCBuildConfiguration;
			baseConfigurationReference = 3065518004BE5CC3830E9072 /* Pods-GoodMorning.release.xcconfig */;
			buildSettings = {
				ASSETCATALOG_COMPILER_APPICON_NAME = AppIcon;
				ASSETCATALOG_COMPILER_GLOBAL_ACCENT_COLOR_NAME = AccentColor;
				CODE_SIGN_STYLE = Automatic;
				CURRENT_PROJECT_VERSION = 1;
				DEVELOPMENT_TEAM = 9XR48RYD63;
				GENERATE_INFOPLIST_FILE = YES;
				INFOPLIST_FILE = GoodMorning/Info.plist;
				INFOPLIST_KEY_UIApplicationSupportsIndirectInputEvents = YES;
				INFOPLIST_KEY_UILaunchStoryboardName = LaunchScreen;
				INFOPLIST_KEY_UISupportedInterfaceOrientations_iPad = "UIInterfaceOrientationPortrait UIInterfaceOrientationPortraitUpsideDown UIInterfaceOrientationLandscapeLeft UIInterfaceOrientationLandscapeRight";
				INFOPLIST_KEY_UISupportedInterfaceOrientations_iPhone = "UIInterfaceOrientationPortrait UIInterfaceOrientationLandscapeLeft UIInterfaceOrientationLandscapeRight";
				IPHONEOS_DEPLOYMENT_TARGET = 16.0;
				LD_RUNPATH_SEARCH_PATHS = (
					"$(inherited)",
					"@executable_path/Frameworks",
				);
				MARKETING_VERSION = 1.0;
				PRODUCT_BUNDLE_IDENTIFIER = com.longlivedrgn;
				PRODUCT_NAME = "$(TARGET_NAME)";
				SWIFT_EMIT_LOC_STRINGS = YES;
				SWIFT_VERSION = 5.0;
				TARGETED_DEVICE_FAMILY = "1,2";
			};
			name = Release;
		};
		80773AB12A57E6230020F1DD /* Debug */ = {
			isa = XCBuildConfiguration;
			baseConfigurationReference = A883135CEBE3618D806692E7 /* Pods-GoodMorningTests.debug.xcconfig */;
			buildSettings = {
				ALWAYS_EMBED_SWIFT_STANDARD_LIBRARIES = YES;
				BUNDLE_LOADER = "$(TEST_HOST)";
				CODE_SIGN_STYLE = Automatic;
				CURRENT_PROJECT_VERSION = 1;
				DEVELOPMENT_TEAM = F2W258F5P6;
				GENERATE_INFOPLIST_FILE = YES;
				IPHONEOS_DEPLOYMENT_TARGET = 16.2;
				MARKETING_VERSION = 1.0;
				PRODUCT_BUNDLE_IDENTIFIER = com.sunny.GoodMorningTests;
				PRODUCT_NAME = "$(TARGET_NAME)";
				SWIFT_EMIT_LOC_STRINGS = NO;
				SWIFT_VERSION = 5.0;
				TARGETED_DEVICE_FAMILY = "1,2";
				TEST_HOST = "$(BUILT_PRODUCTS_DIR)/GoodMorning.app/$(BUNDLE_EXECUTABLE_FOLDER_PATH)/GoodMorning";
			};
			name = Debug;
		};
		80773AB22A57E6230020F1DD /* Release */ = {
			isa = XCBuildConfiguration;
			baseConfigurationReference = 401627FC16FEC7EC2C57770B /* Pods-GoodMorningTests.release.xcconfig */;
			buildSettings = {
				ALWAYS_EMBED_SWIFT_STANDARD_LIBRARIES = YES;
				BUNDLE_LOADER = "$(TEST_HOST)";
				CODE_SIGN_STYLE = Automatic;
				CURRENT_PROJECT_VERSION = 1;
				DEVELOPMENT_TEAM = F2W258F5P6;
				GENERATE_INFOPLIST_FILE = YES;
				IPHONEOS_DEPLOYMENT_TARGET = 16.2;
				MARKETING_VERSION = 1.0;
				PRODUCT_BUNDLE_IDENTIFIER = com.sunny.GoodMorningTests;
				PRODUCT_NAME = "$(TARGET_NAME)";
				SWIFT_EMIT_LOC_STRINGS = NO;
				SWIFT_VERSION = 5.0;
				TARGETED_DEVICE_FAMILY = "1,2";
				TEST_HOST = "$(BUILT_PRODUCTS_DIR)/GoodMorning.app/$(BUNDLE_EXECUTABLE_FOLDER_PATH)/GoodMorning";
			};
			name = Release;
		};
		80773AB42A57E6230020F1DD /* Debug */ = {
			isa = XCBuildConfiguration;
			baseConfigurationReference = 7BA3ADDA44E471601109F523 /* Pods-GoodMorning-GoodMorningUITests.debug.xcconfig */;
			buildSettings = {
				ALWAYS_EMBED_SWIFT_STANDARD_LIBRARIES = YES;
				CODE_SIGN_STYLE = Automatic;
				CURRENT_PROJECT_VERSION = 1;
				DEVELOPMENT_TEAM = F2W258F5P6;
				GENERATE_INFOPLIST_FILE = YES;
				MARKETING_VERSION = 1.0;
				PRODUCT_BUNDLE_IDENTIFIER = com.sunny.GoodMorningUITests;
				PRODUCT_NAME = "$(TARGET_NAME)";
				SWIFT_EMIT_LOC_STRINGS = NO;
				SWIFT_VERSION = 5.0;
				TARGETED_DEVICE_FAMILY = "1,2";
				TEST_TARGET_NAME = GoodMorning;
			};
			name = Debug;
		};
		80773AB52A57E6230020F1DD /* Release */ = {
			isa = XCBuildConfiguration;
			baseConfigurationReference = A44F883FD49649CDDC6E07DE /* Pods-GoodMorning-GoodMorningUITests.release.xcconfig */;
			buildSettings = {
				ALWAYS_EMBED_SWIFT_STANDARD_LIBRARIES = YES;
				CODE_SIGN_STYLE = Automatic;
				CURRENT_PROJECT_VERSION = 1;
				DEVELOPMENT_TEAM = F2W258F5P6;
				GENERATE_INFOPLIST_FILE = YES;
				MARKETING_VERSION = 1.0;
				PRODUCT_BUNDLE_IDENTIFIER = com.sunny.GoodMorningUITests;
				PRODUCT_NAME = "$(TARGET_NAME)";
				SWIFT_EMIT_LOC_STRINGS = NO;
				SWIFT_VERSION = 5.0;
				TARGETED_DEVICE_FAMILY = "1,2";
				TEST_TARGET_NAME = GoodMorning;
			};
			name = Release;
		};
/* End XCBuildConfiguration section */

/* Begin XCConfigurationList section */
		80773A7B2A57E6210020F1DD /* Build configuration list for PBXProject "GoodMorning" */ = {
			isa = XCConfigurationList;
			buildConfigurations = (
				80773AAB2A57E6230020F1DD /* Debug */,
				80773AAC2A57E6230020F1DD /* Release */,
			);
			defaultConfigurationIsVisible = 0;
			defaultConfigurationName = Release;
		};
		80773AAD2A57E6230020F1DD /* Build configuration list for PBXNativeTarget "GoodMorning" */ = {
			isa = XCConfigurationList;
			buildConfigurations = (
				80773AAE2A57E6230020F1DD /* Debug */,
				80773AAF2A57E6230020F1DD /* Release */,
			);
			defaultConfigurationIsVisible = 0;
			defaultConfigurationName = Release;
		};
		80773AB02A57E6230020F1DD /* Build configuration list for PBXNativeTarget "GoodMorningTests" */ = {
			isa = XCConfigurationList;
			buildConfigurations = (
				80773AB12A57E6230020F1DD /* Debug */,
				80773AB22A57E6230020F1DD /* Release */,
			);
			defaultConfigurationIsVisible = 0;
			defaultConfigurationName = Release;
		};
		80773AB32A57E6230020F1DD /* Build configuration list for PBXNativeTarget "GoodMorningUITests" */ = {
			isa = XCConfigurationList;
			buildConfigurations = (
				80773AB42A57E6230020F1DD /* Debug */,
				80773AB52A57E6230020F1DD /* Release */,
			);
			defaultConfigurationIsVisible = 0;
			defaultConfigurationName = Release;
		};
/* End XCConfigurationList section */

/* Begin XCVersionGroup section */
		80773A8C2A57E6210020F1DD /* GoodMorning.xcdatamodeld */ = {
			isa = XCVersionGroup;
			children = (
				80773A8D2A57E6210020F1DD /* GoodMorning.xcdatamodel */,
			);
			currentVersion = 80773A8D2A57E6210020F1DD /* GoodMorning.xcdatamodel */;
			path = GoodMorning.xcdatamodeld;
			sourceTree = "<group>";
			versionGroupType = wrapper.xcdatamodel;
		};
/* End XCVersionGroup section */
	};
	rootObject = 80773A782A57E6210020F1DD /* Project object */;
}
