// !$*UTF8*$!
{
	archiveVersion = 1;
	classes = {
	};
	objectVersion = 55;
	objects = {

/* Begin PBXBuildFile section */
		2AA8E0E66D1C2C13361E90D3 /* Pods_GoodMorning.framework in Frameworks */ = {isa = PBXBuildFile; fileRef = CA403186C607188DBDCA0A62 /* Pods_GoodMorning.framework */; };
		5B6C17EBB4DD7EF12285B757 /* Pods_GoodMorning_GoodMorningUITests.framework in Frameworks */ = {isa = PBXBuildFile; fileRef = D3A73B06F9FAFA89A97431E8 /* Pods_GoodMorning_GoodMorningUITests.framework */; };
		61C9D522AD2D75840A99DAF2 /* Pods_GoodMorningTests.framework in Frameworks */ = {isa = PBXBuildFile; fileRef = 114C112F21E8009D0AC8150F /* Pods_GoodMorningTests.framework */; };
		801B3B5E2A63D6C100B57D19 /* Pretendard-Bold.otf in Resources */ = {isa = PBXBuildFile; fileRef = 801B3B552A63D6C100B57D19 /* Pretendard-Bold.otf */; };
		801B3B602A63D6C100B57D19 /* Pretendard-Medium.otf in Resources */ = {isa = PBXBuildFile; fileRef = 801B3B572A63D6C100B57D19 /* Pretendard-Medium.otf */; };
		801B3B612A63D6C100B57D19 /* Pretendard-ExtraBold.otf in Resources */ = {isa = PBXBuildFile; fileRef = 801B3B582A63D6C100B57D19 /* Pretendard-ExtraBold.otf */; };
		801B3B642A63D6C100B57D19 /* Pretendard-Light.otf in Resources */ = {isa = PBXBuildFile; fileRef = 801B3B5B2A63D6C100B57D19 /* Pretendard-Light.otf */; };
		801B3B652A63D6C100B57D19 /* Pretendard-Black.otf in Resources */ = {isa = PBXBuildFile; fileRef = 801B3B5C2A63D6C100B57D19 /* Pretendard-Black.otf */; };
		801B3B662A63D6C100B57D19 /* Pretendard-Regular.otf in Resources */ = {isa = PBXBuildFile; fileRef = 801B3B5D2A63D6C100B57D19 /* Pretendard-Regular.otf */; };
		801B3B6A2A63D7A100B57D19 /* UIFont+.swift in Sources */ = {isa = PBXBuildFile; fileRef = 801B3B692A63D7A100B57D19 /* UIFont+.swift */; };
		801B3B6E2A63D87C00B57D19 /* Color.xcassets in Resources */ = {isa = PBXBuildFile; fileRef = 801B3B6D2A63D87C00B57D19 /* Color.xcassets */; };
		801B3B702A63D92500B57D19 /* Palette.swift in Sources */ = {isa = PBXBuildFile; fileRef = 801B3B6F2A63D92500B57D19 /* Palette.swift */; };
		801B3B722A63D94E00B57D19 /* UIColor+.swift in Sources */ = {isa = PBXBuildFile; fileRef = 801B3B712A63D94E00B57D19 /* UIColor+.swift */; };
		802CE6FB2A76ABB600F41513 /* CurrentWeather.json in Resources */ = {isa = PBXBuildFile; fileRef = 803569DB2A768E76001C92BC /* CurrentWeather.json */; };
		802CE6FE2A76ACBC00F41513 /* JSONLoader.swift in Sources */ = {isa = PBXBuildFile; fileRef = 802CE6FD2A76ACBC00F41513 /* JSONLoader.swift */; };
		802CE7042A7767E500F41513 /* SerializationTests.swift in Sources */ = {isa = PBXBuildFile; fileRef = 802CE7032A7767E500F41513 /* SerializationTests.swift */; };
		802CE7062A77683700F41513 /* NetworkTestSetup.swift in Sources */ = {isa = PBXBuildFile; fileRef = 802CE7052A77683700F41513 /* NetworkTestSetup.swift */; };
		803569D52A768C04001C92BC /* URLSessionStub.swift in Sources */ = {isa = PBXBuildFile; fileRef = 803569D42A768C04001C92BC /* URLSessionStub.swift */; };
		803569D92A768C68001C92BC /* NetworkSessionTests.swift in Sources */ = {isa = PBXBuildFile; fileRef = 803569D82A768C68001C92BC /* NetworkSessionTests.swift */; };
		803569DC2A768E76001C92BC /* CurrentWeather.json in Sources */ = {isa = PBXBuildFile; fileRef = 803569DB2A768E76001C92BC /* CurrentWeather.json */; };
		805EA6B62A98AA8B00A3545C /* TODOModalViewController.swift in Sources */ = {isa = PBXBuildFile; fileRef = 805EA6B52A98AA8B00A3545C /* TODOModalViewController.swift */; };
		805EA6B92A99ECAD00A3545C /* PrioritySegmentedControl.swift in Sources */ = {isa = PBXBuildFile; fileRef = 805EA6B82A99ECAD00A3545C /* PrioritySegmentedControl.swift */; };
		805EA6BB2A9A4BF700A3545C /* EmojiTextField.swift in Sources */ = {isa = PBXBuildFile; fileRef = 805EA6BA2A9A4BF700A3545C /* EmojiTextField.swift */; };
		805EA6CC2AA376DC00A3545C /* Character+.swift in Sources */ = {isa = PBXBuildFile; fileRef = 805EA6CB2AA376DC00A3545C /* Character+.swift */; };
		8060B40D2A6128FC00726C83 /* NetworkSession.swift in Sources */ = {isa = PBXBuildFile; fileRef = 8060B40C2A6128FC00726C83 /* NetworkSession.swift */; };
		8060B4102A6129A400726C83 /* NetworkError.swift in Sources */ = {isa = PBXBuildFile; fileRef = 8060B40F2A6129A400726C83 /* NetworkError.swift */; };
		8060B4142A612A5C00726C83 /* URLResponse+.swift in Sources */ = {isa = PBXBuildFile; fileRef = 8060B4132A612A5C00726C83 /* URLResponse+.swift */; };
		8060B4192A6131E100726C83 /* Bundle+.swift in Sources */ = {isa = PBXBuildFile; fileRef = 8060B4182A6131E100726C83 /* Bundle+.swift */; };
		80773A842A57E6210020F1DD /* AppDelegate.swift in Sources */ = {isa = PBXBuildFile; fileRef = 80773A832A57E6210020F1DD /* AppDelegate.swift */; };
		80773A862A57E6210020F1DD /* SceneDelegate.swift in Sources */ = {isa = PBXBuildFile; fileRef = 80773A852A57E6210020F1DD /* SceneDelegate.swift */; };
		80773A902A57E6230020F1DD /* Assets.xcassets in Resources */ = {isa = PBXBuildFile; fileRef = 80773A8F2A57E6230020F1DD /* Assets.xcassets */; };
		80773A932A57E6230020F1DD /* LaunchScreen.storyboard in Resources */ = {isa = PBXBuildFile; fileRef = 80773A912A57E6230020F1DD /* LaunchScreen.storyboard */; };
		80773A9E2A57E6230020F1DD /* GoodMorningTests.swift in Sources */ = {isa = PBXBuildFile; fileRef = 80773A9D2A57E6230020F1DD /* GoodMorningTests.swift */; };
		80773AA82A57E6230020F1DD /* GoodMorningUITests.swift in Sources */ = {isa = PBXBuildFile; fileRef = 80773AA72A57E6230020F1DD /* GoodMorningUITests.swift */; };
		80773AAA2A57E6230020F1DD /* GoodMorningUITestsLaunchTests.swift in Sources */ = {isa = PBXBuildFile; fileRef = 80773AA92A57E6230020F1DD /* GoodMorningUITestsLaunchTests.swift */; };
		80B699592ACBE22000CD3F8C /* GoodMorning.xcdatamodeld in Sources */ = {isa = PBXBuildFile; fileRef = 80611FC62A6E7BB00093E958 /* GoodMorning.xcdatamodeld */; };
		80B6995C2ACBE2F400CD3F8C /* ManagedEntity.swift in Sources */ = {isa = PBXBuildFile; fileRef = 801B3B792A6447E300B57D19 /* ManagedEntity.swift */; };
		80B6995D2ACBE2F800CD3F8C /* DefaultCoreDataStack.swift in Sources */ = {isa = PBXBuildFile; fileRef = 801B3B742A63DEAC00B57D19 /* DefaultCoreDataStack.swift */; };
		80B6995F2ACBE41400CD3F8C /* CoreDataStack.swift in Sources */ = {isa = PBXBuildFile; fileRef = 80B6995E2ACBE41400CD3F8C /* CoreDataStack.swift */; };
		80B699622ACBE53F00CD3F8C /* MorningRoutine+CoreDataProperties.swift in Sources */ = {isa = PBXBuildFile; fileRef = 80B699602ACBE53F00CD3F8C /* MorningRoutine+CoreDataProperties.swift */; };
		80B699632ACBE53F00CD3F8C /* MorningRoutine+CoreDataClass.swift in Sources */ = {isa = PBXBuildFile; fileRef = 80B699612ACBE53F00CD3F8C /* MorningRoutine+CoreDataClass.swift */; };
		80EB031E2A6EC82F00455E05 /* NetworkService.swift in Sources */ = {isa = PBXBuildFile; fileRef = 80EB031D2A6EC82F00455E05 /* NetworkService.swift */; };
		80F90C622A7BB8FE007E1D23 /* URLSessionProvidable.swift in Sources */ = {isa = PBXBuildFile; fileRef = 80F90C612A7BB8FE007E1D23 /* URLSessionProvidable.swift */; };
		80F90C662A7BC48E007E1D23 /* NetworkSessionProvidable.swift in Sources */ = {isa = PBXBuildFile; fileRef = 80F90C652A7BC48E007E1D23 /* NetworkSessionProvidable.swift */; };
		80F90CC22A84C7EB007E1D23 /* HomeView.swift in Sources */ = {isa = PBXBuildFile; fileRef = 80F90CC12A84C7EB007E1D23 /* HomeView.swift */; };
		80F90CC52A84C91D007E1D23 /* DoubleLabelStackView.swift in Sources */ = {isa = PBXBuildFile; fileRef = 80F90CC42A84C91D007E1D23 /* DoubleLabelStackView.swift */; };
		80F90CC72A84CA51007E1D23 /* PretendardLabel.swift in Sources */ = {isa = PBXBuildFile; fileRef = 80F90CC62A84CA51007E1D23 /* PretendardLabel.swift */; };
		80F90CCB2A84CF6C007E1D23 /* UIStackVeiw+.swift in Sources */ = {isa = PBXBuildFile; fileRef = 80F90CCA2A84CF6C007E1D23 /* UIStackVeiw+.swift */; };
		80F90CCD2A84E13D007E1D23 /* TodayLuckStackView.swift in Sources */ = {isa = PBXBuildFile; fileRef = 80F90CCC2A84E13D007E1D23 /* TodayLuckStackView.swift */; };
		80F90CCF2A855CDA007E1D23 /* WeatherStackView.swift in Sources */ = {isa = PBXBuildFile; fileRef = 80F90CCE2A855CDA007E1D23 /* WeatherStackView.swift */; };
		80F90CD12A855E89007E1D23 /* WeatherConditions.swift in Sources */ = {isa = PBXBuildFile; fileRef = 80F90CD02A855E89007E1D23 /* WeatherConditions.swift */; };
		80F90CD32A860E06007E1D23 /* Int+.swift in Sources */ = {isa = PBXBuildFile; fileRef = 80F90CD22A860E06007E1D23 /* Int+.swift */; };
		80F90CFB2A8F092C007E1D23 /* UIImage+.swift in Sources */ = {isa = PBXBuildFile; fileRef = 80F90CFA2A8F092C007E1D23 /* UIImage+.swift */; };
		80F90CFD2A8F095A007E1D23 /* Images.swift in Sources */ = {isa = PBXBuildFile; fileRef = 80F90CFC2A8F095A007E1D23 /* Images.swift */; };
		80F90D012A8F3E7B007E1D23 /* HomeViewController.swift in Sources */ = {isa = PBXBuildFile; fileRef = 80F90D002A8F3E7B007E1D23 /* HomeViewController.swift */; };
		8728F3C82A57F3280064A655 /* .swiftlint.yml in Resources */ = {isa = PBXBuildFile; fileRef = 8728F3C72A57F3280064A655 /* .swiftlint.yml */; };
		873555242A694AB40027A847 /* Requestable.swift in Sources */ = {isa = PBXBuildFile; fileRef = 873555232A694AB40027A847 /* Requestable.swift */; };
		873555262A694ABA0027A847 /* Responsable.swift in Sources */ = {isa = PBXBuildFile; fileRef = 873555252A694ABA0027A847 /* Responsable.swift */; };
		873555282A694FBA0027A847 /* RequestResponsable.swift in Sources */ = {isa = PBXBuildFile; fileRef = 873555272A694FBA0027A847 /* RequestResponsable.swift */; };
		8735552A2A694FED0027A847 /* CurrentWeatherEndPoint.swift in Sources */ = {isa = PBXBuildFile; fileRef = 873555292A694FED0027A847 /* CurrentWeatherEndPoint.swift */; };
		8735552D2A6951180027A847 /* OpenWeatherAPI.swift in Sources */ = {isa = PBXBuildFile; fileRef = 8735552C2A6951180027A847 /* OpenWeatherAPI.swift */; };
		873555322A6954700027A847 /* CurrentWeatherDTO.swift in Sources */ = {isa = PBXBuildFile; fileRef = 873555312A6954700027A847 /* CurrentWeatherDTO.swift */; };
		873555342A6954D10027A847 /* Coordinate.swift in Sources */ = {isa = PBXBuildFile; fileRef = 873555332A6954D10027A847 /* Coordinate.swift */; };
		873555382A6959DC0027A847 /* OpenWeatherAPIEndPointTest.swift in Sources */ = {isa = PBXBuildFile; fileRef = 873555372A6959DC0027A847 /* OpenWeatherAPIEndPointTest.swift */; };
		8744BAE32A8E0B0100449FD9 /* CALayer+.swift in Sources */ = {isa = PBXBuildFile; fileRef = 8744BAE22A8E0B0100449FD9 /* CALayer+.swift */; };
		874569812A63C8D80092FAE5 /* LocationManager.swift in Sources */ = {isa = PBXBuildFile; fileRef = 874569802A63C8D80092FAE5 /* LocationManager.swift */; };
		875C79C52A7CC46400B93DBD /* TODOListCell.swift in Sources */ = {isa = PBXBuildFile; fileRef = 875C79C42A7CC46400B93DBD /* TODOListCell.swift */; };
		875C79C72A7CD27600B93DBD /* CircleImageView.swift in Sources */ = {isa = PBXBuildFile; fileRef = 875C79C62A7CD27600B93DBD /* CircleImageView.swift */; };
		875C79C92A7CE5D400B93DBD /* CheckBoxButton.swift in Sources */ = {isa = PBXBuildFile; fileRef = 875C79C82A7CE5D400B93DBD /* CheckBoxButton.swift */; };
		875C79CD2A7CEED300B93DBD /* Priority.swift in Sources */ = {isa = PBXBuildFile; fileRef = 875C79CC2A7CEED300B93DBD /* Priority.swift */; };
		875C79CF2A7CF85B00B93DBD /* TODOHeaderView.swift in Sources */ = {isa = PBXBuildFile; fileRef = 875C79CE2A7CF85B00B93DBD /* TODOHeaderView.swift */; };
		876B04DB2A66841F0077486C /* LocationError.swift in Sources */ = {isa = PBXBuildFile; fileRef = 876B04DA2A66841F0077486C /* LocationError.swift */; };
		876B04DD2A6688A30077486C /* CoreLocationTest.swift in Sources */ = {isa = PBXBuildFile; fileRef = 876B04DC2A6688A30077486C /* CoreLocationTest.swift */; };
		876B04E12A6689070077486C /* MockLocationFetcher.swift in Sources */ = {isa = PBXBuildFile; fileRef = 876B04E02A6689070077486C /* MockLocationFetcher.swift */; };
		8779813A2A7F573B00DB0ED0 /* TODOHeaderViewDelegate.swift in Sources */ = {isa = PBXBuildFile; fileRef = 877981392A7F573B00DB0ED0 /* TODOHeaderViewDelegate.swift */; };
		877E3FC62A6E3BB400BB06FA /* TemperatureDTO.swift in Sources */ = {isa = PBXBuildFile; fileRef = 877E3FC52A6E3BB400BB06FA /* TemperatureDTO.swift */; };
		877E3FC82A6E3BC500BB06FA /* WeatherDTO.swift in Sources */ = {isa = PBXBuildFile; fileRef = 877E3FC72A6E3BC500BB06FA /* WeatherDTO.swift */; };
		87880F832A612C6400FF1B4D /* JSONDeserializable.swift in Sources */ = {isa = PBXBuildFile; fileRef = 87880F822A612C6400FF1B4D /* JSONDeserializable.swift */; };
		87880F882A612C8B00FF1B4D /* JSONDeserializer.swift in Sources */ = {isa = PBXBuildFile; fileRef = 87880F872A612C8B00FF1B4D /* JSONDeserializer.swift */; };
		87978FA42A653E68009FE7FD /* LocationFetchable.swift in Sources */ = {isa = PBXBuildFile; fileRef = 87978FA32A653E68009FE7FD /* LocationFetchable.swift */; };
		87978FA62A653E7F009FE7FD /* LocationFetcherDelegate.swift in Sources */ = {isa = PBXBuildFile; fileRef = 87978FA52A653E7F009FE7FD /* LocationFetcherDelegate.swift */; };
		87978FAB2A653EF4009FE7FD /* CLLocationManager+.swift in Sources */ = {isa = PBXBuildFile; fileRef = 87978FAA2A653EF4009FE7FD /* CLLocationManager+.swift */; };
		87EA72A52ACBE9300042DD88 /* DefaultWeatherRepository.swift in Sources */ = {isa = PBXBuildFile; fileRef = 87EA72A42ACBE9300042DD88 /* DefaultWeatherRepository.swift */; };
		87EA72A72ACBEA260042DD88 /* WeatherRepository.swift in Sources */ = {isa = PBXBuildFile; fileRef = 87EA72A62ACBEA260042DD88 /* WeatherRepository.swift */; };
		87EA72A92ACBED880042DD88 /* CurrentWeather.swift in Sources */ = {isa = PBXBuildFile; fileRef = 87EA72A82ACBED880042DD88 /* CurrentWeather.swift */; };
		87EA72AB2ACBF1690042DD88 /* DefaultCurrentLocationRepository.swift in Sources */ = {isa = PBXBuildFile; fileRef = 87EA72AA2ACBF1690042DD88 /* DefaultCurrentLocationRepository.swift */; };
		87EA72AD2ACBF1C50042DD88 /* CurrentLocationRepository.swift in Sources */ = {isa = PBXBuildFile; fileRef = 87EA72AC2ACBF1C50042DD88 /* CurrentLocationRepository.swift */; };
		87EFC1112A8203F900843DCC /* TODOCollectionViewItem.swift in Sources */ = {isa = PBXBuildFile; fileRef = 87EFC1102A8203F900843DCC /* TODOCollectionViewItem.swift */; };
		87EFC1192A8223D300843DCC /* CheckBoxButtonDelegate.swift in Sources */ = {isa = PBXBuildFile; fileRef = 87EFC1182A8223D300843DCC /* CheckBoxButtonDelegate.swift */; };
/* End PBXBuildFile section */

/* Begin PBXContainerItemProxy section */
		80773A9A2A57E6230020F1DD /* PBXContainerItemProxy */ = {
			isa = PBXContainerItemProxy;
			containerPortal = 80773A782A57E6210020F1DD /* Project object */;
			proxyType = 1;
			remoteGlobalIDString = 80773A7F2A57E6210020F1DD;
			remoteInfo = GoodMorning;
		};
		80773AA42A57E6230020F1DD /* PBXContainerItemProxy */ = {
			isa = PBXContainerItemProxy;
			containerPortal = 80773A782A57E6210020F1DD /* Project object */;
			proxyType = 1;
			remoteGlobalIDString = 80773A7F2A57E6210020F1DD;
			remoteInfo = GoodMorning;
		};
/* End PBXContainerItemProxy section */

/* Begin PBXFileReference section */
		012F7062FB16EF613A0C57E6 /* Pods-GoodMorning-GoodMorningUITests.debug.xcconfig */ = {isa = PBXFileReference; includeInIndex = 1; lastKnownFileType = text.xcconfig; name = "Pods-GoodMorning-GoodMorningUITests.debug.xcconfig"; path = "Target Support Files/Pods-GoodMorning-GoodMorningUITests/Pods-GoodMorning-GoodMorningUITests.debug.xcconfig"; sourceTree = "<group>"; };
		0771624D722ED912A3F76032 /* Pods-GoodMorning-GoodMorningUITests.release.xcconfig */ = {isa = PBXFileReference; includeInIndex = 1; lastKnownFileType = text.xcconfig; name = "Pods-GoodMorning-GoodMorningUITests.release.xcconfig"; path = "Target Support Files/Pods-GoodMorning-GoodMorningUITests/Pods-GoodMorning-GoodMorningUITests.release.xcconfig"; sourceTree = "<group>"; };
		114C112F21E8009D0AC8150F /* Pods_GoodMorningTests.framework */ = {isa = PBXFileReference; explicitFileType = wrapper.framework; includeInIndex = 0; path = Pods_GoodMorningTests.framework; sourceTree = BUILT_PRODUCTS_DIR; };
		44048179FEB6BFA45E48DE05 /* Pods-GoodMorning.release.xcconfig */ = {isa = PBXFileReference; includeInIndex = 1; lastKnownFileType = text.xcconfig; name = "Pods-GoodMorning.release.xcconfig"; path = "Target Support Files/Pods-GoodMorning/Pods-GoodMorning.release.xcconfig"; sourceTree = "<group>"; };
		5AF9639F8258B0F2AB9B33E5 /* Pods-GoodMorning.debug.xcconfig */ = {isa = PBXFileReference; includeInIndex = 1; lastKnownFileType = text.xcconfig; name = "Pods-GoodMorning.debug.xcconfig"; path = "Target Support Files/Pods-GoodMorning/Pods-GoodMorning.debug.xcconfig"; sourceTree = "<group>"; };
		6BAC3DBE78E80CAFE9AD5EA6 /* Pods-GoodMorningTests.debug.xcconfig */ = {isa = PBXFileReference; includeInIndex = 1; lastKnownFileType = text.xcconfig; name = "Pods-GoodMorningTests.debug.xcconfig"; path = "Target Support Files/Pods-GoodMorningTests/Pods-GoodMorningTests.debug.xcconfig"; sourceTree = "<group>"; };
		801B3B552A63D6C100B57D19 /* Pretendard-Bold.otf */ = {isa = PBXFileReference; lastKnownFileType = file; path = "Pretendard-Bold.otf"; sourceTree = "<group>"; };
		801B3B572A63D6C100B57D19 /* Pretendard-Medium.otf */ = {isa = PBXFileReference; lastKnownFileType = file; path = "Pretendard-Medium.otf"; sourceTree = "<group>"; };
		801B3B582A63D6C100B57D19 /* Pretendard-ExtraBold.otf */ = {isa = PBXFileReference; lastKnownFileType = file; path = "Pretendard-ExtraBold.otf"; sourceTree = "<group>"; };
		801B3B5B2A63D6C100B57D19 /* Pretendard-Light.otf */ = {isa = PBXFileReference; lastKnownFileType = file; path = "Pretendard-Light.otf"; sourceTree = "<group>"; };
		801B3B5C2A63D6C100B57D19 /* Pretendard-Black.otf */ = {isa = PBXFileReference; lastKnownFileType = file; path = "Pretendard-Black.otf"; sourceTree = "<group>"; };
		801B3B5D2A63D6C100B57D19 /* Pretendard-Regular.otf */ = {isa = PBXFileReference; lastKnownFileType = file; path = "Pretendard-Regular.otf"; sourceTree = "<group>"; };
		801B3B692A63D7A100B57D19 /* UIFont+.swift */ = {isa = PBXFileReference; lastKnownFileType = sourcecode.swift; path = "UIFont+.swift"; sourceTree = "<group>"; };
		801B3B6D2A63D87C00B57D19 /* Color.xcassets */ = {isa = PBXFileReference; lastKnownFileType = folder.assetcatalog; path = Color.xcassets; sourceTree = "<group>"; };
		801B3B6F2A63D92500B57D19 /* Palette.swift */ = {isa = PBXFileReference; lastKnownFileType = sourcecode.swift; path = Palette.swift; sourceTree = "<group>"; };
		801B3B712A63D94E00B57D19 /* UIColor+.swift */ = {isa = PBXFileReference; lastKnownFileType = sourcecode.swift; path = "UIColor+.swift"; sourceTree = "<group>"; };
		801B3B742A63DEAC00B57D19 /* DefaultCoreDataStack.swift */ = {isa = PBXFileReference; lastKnownFileType = sourcecode.swift; path = DefaultCoreDataStack.swift; sourceTree = "<group>"; };
		801B3B762A64467F00B57D19 /* CoreDataTests.swift */ = {isa = PBXFileReference; lastKnownFileType = sourcecode.swift; path = CoreDataTests.swift; sourceTree = "<group>"; };
		801B3B792A6447E300B57D19 /* ManagedEntity.swift */ = {isa = PBXFileReference; lastKnownFileType = sourcecode.swift; path = ManagedEntity.swift; sourceTree = "<group>"; };
		802CE6FD2A76ACBC00F41513 /* JSONLoader.swift */ = {isa = PBXFileReference; lastKnownFileType = sourcecode.swift; path = JSONLoader.swift; sourceTree = "<group>"; };
		802CE7032A7767E500F41513 /* SerializationTests.swift */ = {isa = PBXFileReference; lastKnownFileType = sourcecode.swift; path = SerializationTests.swift; sourceTree = "<group>"; };
		802CE7052A77683700F41513 /* NetworkTestSetup.swift */ = {isa = PBXFileReference; lastKnownFileType = sourcecode.swift; path = NetworkTestSetup.swift; sourceTree = "<group>"; };
		803569D42A768C04001C92BC /* URLSessionStub.swift */ = {isa = PBXFileReference; lastKnownFileType = sourcecode.swift; path = URLSessionStub.swift; sourceTree = "<group>"; };
		803569D82A768C68001C92BC /* NetworkSessionTests.swift */ = {isa = PBXFileReference; lastKnownFileType = sourcecode.swift; path = NetworkSessionTests.swift; sourceTree = "<group>"; };
		803569DB2A768E76001C92BC /* CurrentWeather.json */ = {isa = PBXFileReference; fileEncoding = 4; lastKnownFileType = text.json; path = CurrentWeather.json; sourceTree = "<group>"; };
		805EA6B52A98AA8B00A3545C /* TODOModalViewController.swift */ = {isa = PBXFileReference; lastKnownFileType = sourcecode.swift; path = TODOModalViewController.swift; sourceTree = "<group>"; };
		805EA6B82A99ECAD00A3545C /* PrioritySegmentedControl.swift */ = {isa = PBXFileReference; lastKnownFileType = sourcecode.swift; path = PrioritySegmentedControl.swift; sourceTree = "<group>"; };
		805EA6BA2A9A4BF700A3545C /* EmojiTextField.swift */ = {isa = PBXFileReference; lastKnownFileType = sourcecode.swift; path = EmojiTextField.swift; sourceTree = "<group>"; };
		805EA6CB2AA376DC00A3545C /* Character+.swift */ = {isa = PBXFileReference; lastKnownFileType = sourcecode.swift; path = "Character+.swift"; sourceTree = "<group>"; };
		805FA7032A6D43FA00089070 /* CoreDataTestSetup.swift */ = {isa = PBXFileReference; lastKnownFileType = sourcecode.swift; path = CoreDataTestSetup.swift; sourceTree = "<group>"; };
		8060B40C2A6128FC00726C83 /* NetworkSession.swift */ = {isa = PBXFileReference; lastKnownFileType = sourcecode.swift; path = NetworkSession.swift; sourceTree = "<group>"; };
		8060B40F2A6129A400726C83 /* NetworkError.swift */ = {isa = PBXFileReference; lastKnownFileType = sourcecode.swift; path = NetworkError.swift; sourceTree = "<group>"; };
		8060B4132A612A5C00726C83 /* URLResponse+.swift */ = {isa = PBXFileReference; lastKnownFileType = sourcecode.swift; path = "URLResponse+.swift"; sourceTree = "<group>"; };
		8060B4182A6131E100726C83 /* Bundle+.swift */ = {isa = PBXFileReference; lastKnownFileType = sourcecode.swift; path = "Bundle+.swift"; sourceTree = "<group>"; };
		80611FC72A6E7BB00093E958 /* GoodMorning.xcdatamodel */ = {isa = PBXFileReference; lastKnownFileType = wrapper.xcdatamodel; path = GoodMorning.xcdatamodel; sourceTree = "<group>"; };
		80773A802A57E6210020F1DD /* GoodMorning.app */ = {isa = PBXFileReference; explicitFileType = wrapper.application; includeInIndex = 0; path = GoodMorning.app; sourceTree = BUILT_PRODUCTS_DIR; };
		80773A832A57E6210020F1DD /* AppDelegate.swift */ = {isa = PBXFileReference; lastKnownFileType = sourcecode.swift; path = AppDelegate.swift; sourceTree = "<group>"; };
		80773A852A57E6210020F1DD /* SceneDelegate.swift */ = {isa = PBXFileReference; lastKnownFileType = sourcecode.swift; path = SceneDelegate.swift; sourceTree = "<group>"; };
		80773A8F2A57E6230020F1DD /* Assets.xcassets */ = {isa = PBXFileReference; lastKnownFileType = folder.assetcatalog; path = Assets.xcassets; sourceTree = "<group>"; };
		80773A922A57E6230020F1DD /* Base */ = {isa = PBXFileReference; lastKnownFileType = file.storyboard; name = Base; path = Base.lproj/LaunchScreen.storyboard; sourceTree = "<group>"; };
		80773A942A57E6230020F1DD /* Info.plist */ = {isa = PBXFileReference; lastKnownFileType = text.plist.xml; path = Info.plist; sourceTree = "<group>"; };
		80773A992A57E6230020F1DD /* GoodMorningTests.xctest */ = {isa = PBXFileReference; explicitFileType = wrapper.cfbundle; includeInIndex = 0; path = GoodMorningTests.xctest; sourceTree = BUILT_PRODUCTS_DIR; };
		80773A9D2A57E6230020F1DD /* GoodMorningTests.swift */ = {isa = PBXFileReference; lastKnownFileType = sourcecode.swift; path = GoodMorningTests.swift; sourceTree = "<group>"; };
		80773AA32A57E6230020F1DD /* GoodMorningUITests.xctest */ = {isa = PBXFileReference; explicitFileType = wrapper.cfbundle; includeInIndex = 0; path = GoodMorningUITests.xctest; sourceTree = BUILT_PRODUCTS_DIR; };
		80773AA72A57E6230020F1DD /* GoodMorningUITests.swift */ = {isa = PBXFileReference; lastKnownFileType = sourcecode.swift; path = GoodMorningUITests.swift; sourceTree = "<group>"; };
		80773AA92A57E6230020F1DD /* GoodMorningUITestsLaunchTests.swift */ = {isa = PBXFileReference; lastKnownFileType = sourcecode.swift; path = GoodMorningUITestsLaunchTests.swift; sourceTree = "<group>"; };
		80B6995E2ACBE41400CD3F8C /* CoreDataStack.swift */ = {isa = PBXFileReference; lastKnownFileType = sourcecode.swift; path = CoreDataStack.swift; sourceTree = "<group>"; };
		80B699602ACBE53F00CD3F8C /* MorningRoutine+CoreDataProperties.swift */ = {isa = PBXFileReference; fileEncoding = 4; lastKnownFileType = sourcecode.swift; path = "MorningRoutine+CoreDataProperties.swift"; sourceTree = "<group>"; };
		80B699612ACBE53F00CD3F8C /* MorningRoutine+CoreDataClass.swift */ = {isa = PBXFileReference; fileEncoding = 4; lastKnownFileType = sourcecode.swift; path = "MorningRoutine+CoreDataClass.swift"; sourceTree = "<group>"; };
		80EB03162A6EC11400455E05 /* APIKeys.xcconfig */ = {isa = PBXFileReference; lastKnownFileType = text.xcconfig; path = APIKeys.xcconfig; sourceTree = "<group>"; };
		80EB031D2A6EC82F00455E05 /* NetworkService.swift */ = {isa = PBXFileReference; lastKnownFileType = sourcecode.swift; path = NetworkService.swift; sourceTree = "<group>"; };
		80F90C612A7BB8FE007E1D23 /* URLSessionProvidable.swift */ = {isa = PBXFileReference; lastKnownFileType = sourcecode.swift; path = URLSessionProvidable.swift; sourceTree = "<group>"; };
		80F90C652A7BC48E007E1D23 /* NetworkSessionProvidable.swift */ = {isa = PBXFileReference; lastKnownFileType = sourcecode.swift; path = NetworkSessionProvidable.swift; sourceTree = "<group>"; };
		80F90CC12A84C7EB007E1D23 /* HomeView.swift */ = {isa = PBXFileReference; lastKnownFileType = sourcecode.swift; path = HomeView.swift; sourceTree = "<group>"; };
		80F90CC42A84C91D007E1D23 /* DoubleLabelStackView.swift */ = {isa = PBXFileReference; lastKnownFileType = sourcecode.swift; path = DoubleLabelStackView.swift; sourceTree = "<group>"; };
		80F90CC62A84CA51007E1D23 /* PretendardLabel.swift */ = {isa = PBXFileReference; lastKnownFileType = sourcecode.swift; path = PretendardLabel.swift; sourceTree = "<group>"; };
		80F90CCA2A84CF6C007E1D23 /* UIStackVeiw+.swift */ = {isa = PBXFileReference; lastKnownFileType = sourcecode.swift; path = "UIStackVeiw+.swift"; sourceTree = "<group>"; };
		80F90CCC2A84E13D007E1D23 /* TodayLuckStackView.swift */ = {isa = PBXFileReference; lastKnownFileType = sourcecode.swift; path = TodayLuckStackView.swift; sourceTree = "<group>"; };
		80F90CCE2A855CDA007E1D23 /* WeatherStackView.swift */ = {isa = PBXFileReference; lastKnownFileType = sourcecode.swift; path = WeatherStackView.swift; sourceTree = "<group>"; };
		80F90CD02A855E89007E1D23 /* WeatherConditions.swift */ = {isa = PBXFileReference; lastKnownFileType = sourcecode.swift; path = WeatherConditions.swift; sourceTree = "<group>"; };
		80F90CD22A860E06007E1D23 /* Int+.swift */ = {isa = PBXFileReference; lastKnownFileType = sourcecode.swift; path = "Int+.swift"; sourceTree = "<group>"; };
		80F90CFA2A8F092C007E1D23 /* UIImage+.swift */ = {isa = PBXFileReference; lastKnownFileType = sourcecode.swift; path = "UIImage+.swift"; sourceTree = "<group>"; };
		80F90CFC2A8F095A007E1D23 /* Images.swift */ = {isa = PBXFileReference; lastKnownFileType = sourcecode.swift; path = Images.swift; sourceTree = "<group>"; };
		80F90D002A8F3E7B007E1D23 /* HomeViewController.swift */ = {isa = PBXFileReference; fileEncoding = 4; lastKnownFileType = sourcecode.swift; path = HomeViewController.swift; sourceTree = "<group>"; };
		8728F3C72A57F3280064A655 /* .swiftlint.yml */ = {isa = PBXFileReference; lastKnownFileType = text.yaml; path = .swiftlint.yml; sourceTree = "<group>"; };
		873555232A694AB40027A847 /* Requestable.swift */ = {isa = PBXFileReference; lastKnownFileType = sourcecode.swift; path = Requestable.swift; sourceTree = "<group>"; };
		873555252A694ABA0027A847 /* Responsable.swift */ = {isa = PBXFileReference; lastKnownFileType = sourcecode.swift; path = Responsable.swift; sourceTree = "<group>"; };
		873555272A694FBA0027A847 /* RequestResponsable.swift */ = {isa = PBXFileReference; lastKnownFileType = sourcecode.swift; path = RequestResponsable.swift; sourceTree = "<group>"; };
		873555292A694FED0027A847 /* CurrentWeatherEndPoint.swift */ = {isa = PBXFileReference; lastKnownFileType = sourcecode.swift; path = CurrentWeatherEndPoint.swift; sourceTree = "<group>"; };
		8735552C2A6951180027A847 /* OpenWeatherAPI.swift */ = {isa = PBXFileReference; lastKnownFileType = sourcecode.swift; path = OpenWeatherAPI.swift; sourceTree = "<group>"; };
		873555312A6954700027A847 /* CurrentWeatherDTO.swift */ = {isa = PBXFileReference; lastKnownFileType = sourcecode.swift; path = CurrentWeatherDTO.swift; sourceTree = "<group>"; };
		873555332A6954D10027A847 /* Coordinate.swift */ = {isa = PBXFileReference; lastKnownFileType = sourcecode.swift; path = Coordinate.swift; sourceTree = "<group>"; };
		873555372A6959DC0027A847 /* OpenWeatherAPIEndPointTest.swift */ = {isa = PBXFileReference; lastKnownFileType = sourcecode.swift; path = OpenWeatherAPIEndPointTest.swift; sourceTree = "<group>"; };
		8744BAE22A8E0B0100449FD9 /* CALayer+.swift */ = {isa = PBXFileReference; lastKnownFileType = sourcecode.swift; path = "CALayer+.swift"; sourceTree = "<group>"; };
		874569802A63C8D80092FAE5 /* LocationManager.swift */ = {isa = PBXFileReference; lastKnownFileType = sourcecode.swift; path = LocationManager.swift; sourceTree = "<group>"; };
		875C79C42A7CC46400B93DBD /* TODOListCell.swift */ = {isa = PBXFileReference; lastKnownFileType = sourcecode.swift; path = TODOListCell.swift; sourceTree = "<group>"; };
		875C79C62A7CD27600B93DBD /* CircleImageView.swift */ = {isa = PBXFileReference; lastKnownFileType = sourcecode.swift; path = CircleImageView.swift; sourceTree = "<group>"; };
		875C79C82A7CE5D400B93DBD /* CheckBoxButton.swift */ = {isa = PBXFileReference; lastKnownFileType = sourcecode.swift; path = CheckBoxButton.swift; sourceTree = "<group>"; };
		875C79CC2A7CEED300B93DBD /* Priority.swift */ = {isa = PBXFileReference; lastKnownFileType = sourcecode.swift; path = Priority.swift; sourceTree = "<group>"; };
		875C79CE2A7CF85B00B93DBD /* TODOHeaderView.swift */ = {isa = PBXFileReference; lastKnownFileType = sourcecode.swift; path = TODOHeaderView.swift; sourceTree = "<group>"; };
		876B04DA2A66841F0077486C /* LocationError.swift */ = {isa = PBXFileReference; lastKnownFileType = sourcecode.swift; path = LocationError.swift; sourceTree = "<group>"; };
		876B04DC2A6688A30077486C /* CoreLocationTest.swift */ = {isa = PBXFileReference; lastKnownFileType = sourcecode.swift; path = CoreLocationTest.swift; sourceTree = "<group>"; };
		876B04E02A6689070077486C /* MockLocationFetcher.swift */ = {isa = PBXFileReference; lastKnownFileType = sourcecode.swift; path = MockLocationFetcher.swift; sourceTree = "<group>"; };
		877981392A7F573B00DB0ED0 /* TODOHeaderViewDelegate.swift */ = {isa = PBXFileReference; lastKnownFileType = sourcecode.swift; path = TODOHeaderViewDelegate.swift; sourceTree = "<group>"; };
		877E3FC52A6E3BB400BB06FA /* TemperatureDTO.swift */ = {isa = PBXFileReference; lastKnownFileType = sourcecode.swift; path = TemperatureDTO.swift; sourceTree = "<group>"; };
		877E3FC72A6E3BC500BB06FA /* WeatherDTO.swift */ = {isa = PBXFileReference; lastKnownFileType = sourcecode.swift; path = WeatherDTO.swift; sourceTree = "<group>"; };
		87880F822A612C6400FF1B4D /* JSONDeserializable.swift */ = {isa = PBXFileReference; lastKnownFileType = sourcecode.swift; path = JSONDeserializable.swift; sourceTree = "<group>"; };
		87880F872A612C8B00FF1B4D /* JSONDeserializer.swift */ = {isa = PBXFileReference; lastKnownFileType = sourcecode.swift; path = JSONDeserializer.swift; sourceTree = "<group>"; };
		87978FA32A653E68009FE7FD /* LocationFetchable.swift */ = {isa = PBXFileReference; lastKnownFileType = sourcecode.swift; path = LocationFetchable.swift; sourceTree = "<group>"; };
		87978FA52A653E7F009FE7FD /* LocationFetcherDelegate.swift */ = {isa = PBXFileReference; lastKnownFileType = sourcecode.swift; path = LocationFetcherDelegate.swift; sourceTree = "<group>"; };
		87978FAA2A653EF4009FE7FD /* CLLocationManager+.swift */ = {isa = PBXFileReference; lastKnownFileType = sourcecode.swift; path = "CLLocationManager+.swift"; sourceTree = "<group>"; };
		87EA72A42ACBE9300042DD88 /* DefaultWeatherRepository.swift */ = {isa = PBXFileReference; lastKnownFileType = sourcecode.swift; path = DefaultWeatherRepository.swift; sourceTree = "<group>"; };
		87EA72A62ACBEA260042DD88 /* WeatherRepository.swift */ = {isa = PBXFileReference; lastKnownFileType = sourcecode.swift; path = WeatherRepository.swift; sourceTree = "<group>"; };
		87EA72A82ACBED880042DD88 /* CurrentWeather.swift */ = {isa = PBXFileReference; lastKnownFileType = sourcecode.swift; path = CurrentWeather.swift; sourceTree = "<group>"; };
		87EA72AA2ACBF1690042DD88 /* DefaultCurrentLocationRepository.swift */ = {isa = PBXFileReference; lastKnownFileType = sourcecode.swift; path = DefaultCurrentLocationRepository.swift; sourceTree = "<group>"; };
		87EA72AC2ACBF1C50042DD88 /* CurrentLocationRepository.swift */ = {isa = PBXFileReference; lastKnownFileType = sourcecode.swift; path = CurrentLocationRepository.swift; sourceTree = "<group>"; };
		87EFC1102A8203F900843DCC /* TODOCollectionViewItem.swift */ = {isa = PBXFileReference; lastKnownFileType = sourcecode.swift; path = TODOCollectionViewItem.swift; sourceTree = "<group>"; };
		87EFC1182A8223D300843DCC /* CheckBoxButtonDelegate.swift */ = {isa = PBXFileReference; lastKnownFileType = sourcecode.swift; path = CheckBoxButtonDelegate.swift; sourceTree = "<group>"; };
		BC808D177BDBE9A5E89AA608 /* Pods-GoodMorningTests.release.xcconfig */ = {isa = PBXFileReference; includeInIndex = 1; lastKnownFileType = text.xcconfig; name = "Pods-GoodMorningTests.release.xcconfig"; path = "Target Support Files/Pods-GoodMorningTests/Pods-GoodMorningTests.release.xcconfig"; sourceTree = "<group>"; };
		CA403186C607188DBDCA0A62 /* Pods_GoodMorning.framework */ = {isa = PBXFileReference; explicitFileType = wrapper.framework; includeInIndex = 0; path = Pods_GoodMorning.framework; sourceTree = BUILT_PRODUCTS_DIR; };
		D3A73B06F9FAFA89A97431E8 /* Pods_GoodMorning_GoodMorningUITests.framework */ = {isa = PBXFileReference; explicitFileType = wrapper.framework; includeInIndex = 0; path = Pods_GoodMorning_GoodMorningUITests.framework; sourceTree = BUILT_PRODUCTS_DIR; };
/* End PBXFileReference section */

/* Begin PBXFrameworksBuildPhase section */
		80773A7D2A57E6210020F1DD /* Frameworks */ = {
			isa = PBXFrameworksBuildPhase;
			buildActionMask = 2147483647;
			files = (
				2AA8E0E66D1C2C13361E90D3 /* Pods_GoodMorning.framework in Frameworks */,
			);
			runOnlyForDeploymentPostprocessing = 0;
		};
		80773A962A57E6230020F1DD /* Frameworks */ = {
			isa = PBXFrameworksBuildPhase;
			buildActionMask = 2147483647;
			files = (
				61C9D522AD2D75840A99DAF2 /* Pods_GoodMorningTests.framework in Frameworks */,
			);
			runOnlyForDeploymentPostprocessing = 0;
		};
		80773AA02A57E6230020F1DD /* Frameworks */ = {
			isa = PBXFrameworksBuildPhase;
			buildActionMask = 2147483647;
			files = (
				5B6C17EBB4DD7EF12285B757 /* Pods_GoodMorning_GoodMorningUITests.framework in Frameworks */,
			);
			runOnlyForDeploymentPostprocessing = 0;
		};
/* End PBXFrameworksBuildPhase section */

/* Begin PBXGroup section */
		3F9728B73BC39775EB5E7B10 /* Frameworks */ = {
			isa = PBXGroup;
			children = (
				CA403186C607188DBDCA0A62 /* Pods_GoodMorning.framework */,
				D3A73B06F9FAFA89A97431E8 /* Pods_GoodMorning_GoodMorningUITests.framework */,
				114C112F21E8009D0AC8150F /* Pods_GoodMorningTests.framework */,
			);
			name = Frameworks;
			sourceTree = "<group>";
		};
		801B3B532A63D67D00B57D19 /* Resources */ = {
			isa = PBXGroup;
			children = (
				80773A852A57E6210020F1DD /* SceneDelegate.swift */,
				80773A832A57E6210020F1DD /* AppDelegate.swift */,
				80F90D032A933F36007E1D23 /* Common */,
				801B3B672A63D76500B57D19 /* Designs */,
				80773A8F2A57E6230020F1DD /* Assets.xcassets */,
				80773A912A57E6230020F1DD /* LaunchScreen.storyboard */,
				80EB03162A6EC11400455E05 /* APIKeys.xcconfig */,
			);
			path = Resources;
			sourceTree = "<group>";
		};
		801B3B542A63D6A200B57D19 /* Fonts */ = {
			isa = PBXGroup;
			children = (
				801B3B5C2A63D6C100B57D19 /* Pretendard-Black.otf */,
				801B3B552A63D6C100B57D19 /* Pretendard-Bold.otf */,
				801B3B582A63D6C100B57D19 /* Pretendard-ExtraBold.otf */,
				801B3B5B2A63D6C100B57D19 /* Pretendard-Light.otf */,
				801B3B572A63D6C100B57D19 /* Pretendard-Medium.otf */,
				801B3B5D2A63D6C100B57D19 /* Pretendard-Regular.otf */,
			);
			path = Fonts;
			sourceTree = "<group>";
		};
		801B3B672A63D76500B57D19 /* Designs */ = {
			isa = PBXGroup;
			children = (
				801B3B6B2A63D86700B57D19 /* Colors */,
				801B3B542A63D6A200B57D19 /* Fonts */,
				80F90CFC2A8F095A007E1D23 /* Images.swift */,
			);
			path = Designs;
			sourceTree = "<group>";
		};
		801B3B682A63D79900B57D19 /* Extensions */ = {
			isa = PBXGroup;
			children = (
				801B3B692A63D7A100B57D19 /* UIFont+.swift */,
				801B3B712A63D94E00B57D19 /* UIColor+.swift */,
				8060B4132A612A5C00726C83 /* URLResponse+.swift */,
				8060B4182A6131E100726C83 /* Bundle+.swift */,
				87978FAA2A653EF4009FE7FD /* CLLocationManager+.swift */,
				8744BAE22A8E0B0100449FD9 /* CALayer+.swift */,
				80F90CCA2A84CF6C007E1D23 /* UIStackVeiw+.swift */,
				80F90CD22A860E06007E1D23 /* Int+.swift */,
				80F90CFA2A8F092C007E1D23 /* UIImage+.swift */,
				805EA6CB2AA376DC00A3545C /* Character+.swift */,
			);
			path = Extensions;
			sourceTree = "<group>";
		};
		801B3B6B2A63D86700B57D19 /* Colors */ = {
			isa = PBXGroup;
			children = (
				801B3B6D2A63D87C00B57D19 /* Color.xcassets */,
				801B3B6F2A63D92500B57D19 /* Palette.swift */,
			);
			path = Colors;
			sourceTree = "<group>";
		};
		801B3B7B2A6449EB00B57D19 /* Persistence */ = {
			isa = PBXGroup;
			children = (
				801B3B762A64467F00B57D19 /* CoreDataTests.swift */,
				805FA7032A6D43FA00089070 /* CoreDataTestSetup.swift */,
			);
			path = Persistence;
			sourceTree = "<group>";
		};
		802CE6FC2A76AC9B00F41513 /* JSON */ = {
			isa = PBXGroup;
			children = (
				803569DB2A768E76001C92BC /* CurrentWeather.json */,
				802CE6FD2A76ACBC00F41513 /* JSONLoader.swift */,
			);
			path = JSON;
			sourceTree = "<group>";
		};
		802CE7072A77690A00F41513 /* NetworkSessionTest */ = {
			isa = PBXGroup;
			children = (
				803569D42A768C04001C92BC /* URLSessionStub.swift */,
				803569D82A768C68001C92BC /* NetworkSessionTests.swift */,
			);
			path = NetworkSessionTest;
			sourceTree = "<group>";
		};
		802CE7082A77693900F41513 /* SerializationTest */ = {
			isa = PBXGroup;
			children = (
				802CE7032A7767E500F41513 /* SerializationTests.swift */,
			);
			path = SerializationTest;
			sourceTree = "<group>";
		};
		803569CB2A76451A001C92BC /* NetworkTest */ = {
			isa = PBXGroup;
			children = (
				802CE7052A77683700F41513 /* NetworkTestSetup.swift */,
				802CE6FC2A76AC9B00F41513 /* JSON */,
				802CE7072A77690A00F41513 /* NetworkSessionTest */,
				802CE7082A77693900F41513 /* SerializationTest */,
				873555392A695B750027A847 /* APIEndPointTest */,
			);
			path = NetworkTest;
			sourceTree = "<group>";
		};
		805EA6B12A98A1BC00A3545C /* TODOModalScene */ = {
			isa = PBXGroup;
			children = (
				805EA6B72A99EC8B00A3545C /* Views */,
				805EA6B22A98A1D600A3545C /* Controllers */,
			);
			path = TODOModalScene;
			sourceTree = "<group>";
		};
		805EA6B22A98A1D600A3545C /* Controllers */ = {
			isa = PBXGroup;
			children = (
				805EA6B52A98AA8B00A3545C /* TODOModalViewController.swift */,
			);
			path = Controllers;
			sourceTree = "<group>";
		};
		805EA6B72A99EC8B00A3545C /* Views */ = {
			isa = PBXGroup;
			children = (
				805EA6B82A99ECAD00A3545C /* PrioritySegmentedControl.swift */,
				805EA6BA2A9A4BF700A3545C /* EmojiTextField.swift */,
			);
			path = Views;
			sourceTree = "<group>";
		};
		8060B40B2A6128EC00726C83 /* Session */ = {
			isa = PBXGroup;
			children = (
				80F90C602A7BB8F2007E1D23 /* Interface */,
				8060B40C2A6128FC00726C83 /* NetworkSession.swift */,
			);
			path = Session;
			sourceTree = "<group>";
		};
		8060B40E2A61299800726C83 /* Error */ = {
			isa = PBXGroup;
			children = (
				8060B40F2A6129A400726C83 /* NetworkError.swift */,
			);
			path = Error;
			sourceTree = "<group>";
		};
		80611FC02A6E76590093E958 /* Data */ = {
			isa = PBXGroup;
			children = (
				87EA72A32ACBE8B80042DD88 /* Repositories */,
				80B699562ACBE1BE00CD3F8C /* PersistentStorage */,
				80611FC12A6E76670093E958 /* Network */,
			);
			path = Data;
			sourceTree = "<group>";
		};
		80611FC12A6E76670093E958 /* Network */ = {
			isa = PBXGroup;
			children = (
				8735552E2A69544F0027A847 /* DTO */,
				8735552B2A69510C0027A847 /* API */,
				873555202A694A810027A847 /* EndPoint */,
				87880F812A612C4500FF1B4D /* Serialization */,
				8060B40E2A61299800726C83 /* Error */,
				8060B40B2A6128EC00726C83 /* Session */,
			);
			path = Network;
			sourceTree = "<group>";
		};
		80773A772A57E6210020F1DD = {
			isa = PBXGroup;
			children = (
				8728F3C72A57F3280064A655 /* .swiftlint.yml */,
				80773A822A57E6210020F1DD /* GoodMorning */,
				80773A9C2A57E6230020F1DD /* GoodMorningTests */,
				80773AA62A57E6230020F1DD /* GoodMorningUITests */,
				80773A812A57E6210020F1DD /* Products */,
				F317094B738C7339B328A52B /* Pods */,
				3F9728B73BC39775EB5E7B10 /* Frameworks */,
			);
			sourceTree = "<group>";
		};
		80773A812A57E6210020F1DD /* Products */ = {
			isa = PBXGroup;
			children = (
				80773A802A57E6210020F1DD /* GoodMorning.app */,
				80773A992A57E6230020F1DD /* GoodMorningTests.xctest */,
				80773AA32A57E6230020F1DD /* GoodMorningUITests.xctest */,
			);
			name = Products;
			sourceTree = "<group>";
		};
		80773A822A57E6210020F1DD /* GoodMorning */ = {
			isa = PBXGroup;
			children = (
				805EA6B12A98A1BC00A3545C /* TODOModalScene */,
				80F90CC02A84C4D0007E1D23 /* HomeScene */,
				801B3B682A63D79900B57D19 /* Extensions */,
				801B3B532A63D67D00B57D19 /* Resources */,
				80EB03172A6EC68F00455E05 /* Domain */,
				80611FC02A6E76590093E958 /* Data */,
				8745697F2A63C8C40092FAE5 /* CoreLocation */,
				80773A942A57E6230020F1DD /* Info.plist */,
			);
			path = GoodMorning;
			sourceTree = "<group>";
		};
		80773A9C2A57E6230020F1DD /* GoodMorningTests */ = {
			isa = PBXGroup;
			children = (
				80773A9D2A57E6230020F1DD /* GoodMorningTests.swift */,
				803569CB2A76451A001C92BC /* NetworkTest */,
				801B3B7B2A6449EB00B57D19 /* Persistence */,
				876B04E22A668CEF0077486C /* CoreLocationTest */,
			);
			path = GoodMorningTests;
			sourceTree = "<group>";
		};
		80773AA62A57E6230020F1DD /* GoodMorningUITests */ = {
			isa = PBXGroup;
			children = (
				80773AA72A57E6230020F1DD /* GoodMorningUITests.swift */,
				80773AA92A57E6230020F1DD /* GoodMorningUITestsLaunchTests.swift */,
			);
			path = GoodMorningUITests;
			sourceTree = "<group>";
		};
		80B699562ACBE1BE00CD3F8C /* PersistentStorage */ = {
			isa = PBXGroup;
			children = (
				801B3B742A63DEAC00B57D19 /* DefaultCoreDataStack.swift */,
				80B699572ACBE1E000CD3F8C /* Interface */,
				80B699582ACBE1E500CD3F8C /* CoreDataStack */,
			);
			path = PersistentStorage;
			sourceTree = "<group>";
		};
		80B699572ACBE1E000CD3F8C /* Interface */ = {
			isa = PBXGroup;
			children = (
				801B3B792A6447E300B57D19 /* ManagedEntity.swift */,
				80B6995E2ACBE41400CD3F8C /* CoreDataStack.swift */,
			);
			path = Interface;
			sourceTree = "<group>";
		};
		80B699582ACBE1E500CD3F8C /* CoreDataStack */ = {
			isa = PBXGroup;
			children = (
				80611FC62A6E7BB00093E958 /* GoodMorning.xcdatamodeld */,
				80B699612ACBE53F00CD3F8C /* MorningRoutine+CoreDataClass.swift */,
				80B699602ACBE53F00CD3F8C /* MorningRoutine+CoreDataProperties.swift */,
			);
			path = CoreDataStack;
			sourceTree = "<group>";
		};
		80EB03172A6EC68F00455E05 /* Domain */ = {
			isa = PBXGroup;
			children = (
				87EA72A12ACBE6DE0042DD88 /* Interfaces */,
				87EA72A02ACBE6D50042DD88 /* UseCases */,
				87EA729F2ACBE6C70042DD88 /* Entities */,
				80EB03182A6EC6BE00455E05 /* NetworkService */,
			);
			path = Domain;
			sourceTree = "<group>";
		};
		80EB03182A6EC6BE00455E05 /* NetworkService */ = {
			isa = PBXGroup;
			children = (
				80EB031D2A6EC82F00455E05 /* NetworkService.swift */,
			);
			path = NetworkService;
			sourceTree = "<group>";
		};
		80F90C602A7BB8F2007E1D23 /* Interface */ = {
			isa = PBXGroup;
			children = (
				80F90C612A7BB8FE007E1D23 /* URLSessionProvidable.swift */,
				80F90C652A7BC48E007E1D23 /* NetworkSessionProvidable.swift */,
			);
			path = Interface;
			sourceTree = "<group>";
		};
		80F90CC02A84C4D0007E1D23 /* HomeScene */ = {
			isa = PBXGroup;
			children = (
				80F90D062A933FFB007E1D23 /* Controllers */,
				80F90D052A933FF0007E1D23 /* Models */,
				80F90CC32A84C902007E1D23 /* Views */,
			);
			path = HomeScene;
			sourceTree = "<group>";
		};
		80F90CC32A84C902007E1D23 /* Views */ = {
			isa = PBXGroup;
			children = (
				80F90D042A933F6A007E1D23 /* TODO */,
				80F90CC12A84C7EB007E1D23 /* HomeView.swift */,
				80F90CC42A84C91D007E1D23 /* DoubleLabelStackView.swift */,
				80F90CCC2A84E13D007E1D23 /* TodayLuckStackView.swift */,
				80F90CCE2A855CDA007E1D23 /* WeatherStackView.swift */,
			);
			path = Views;
			sourceTree = "<group>";
		};
		80F90D032A933F36007E1D23 /* Common */ = {
			isa = PBXGroup;
			children = (
				875C79C62A7CD27600B93DBD /* CircleImageView.swift */,
				80F90CC62A84CA51007E1D23 /* PretendardLabel.swift */,
			);
			path = Common;
			sourceTree = "<group>";
		};
		80F90D042A933F6A007E1D23 /* TODO */ = {
			isa = PBXGroup;
			children = (
				875C79C42A7CC46400B93DBD /* TODOListCell.swift */,
				875C79CE2A7CF85B00B93DBD /* TODOHeaderView.swift */,
				875C79C82A7CE5D400B93DBD /* CheckBoxButton.swift */,
			);
			path = TODO;
			sourceTree = "<group>";
		};
		80F90D052A933FF0007E1D23 /* Models */ = {
			isa = PBXGroup;
			children = (
				875C79CC2A7CEED300B93DBD /* Priority.swift */,
				87EFC1102A8203F900843DCC /* TODOCollectionViewItem.swift */,
			);
			path = Models;
			sourceTree = "<group>";
		};
		80F90D062A933FFB007E1D23 /* Controllers */ = {
			isa = PBXGroup;
			children = (
				80F90D002A8F3E7B007E1D23 /* HomeViewController.swift */,
				80F90D072A93401C007E1D23 /* Interface */,
			);
			path = Controllers;
			sourceTree = "<group>";
		};
		80F90D072A93401C007E1D23 /* Interface */ = {
			isa = PBXGroup;
			children = (
				87EFC1182A8223D300843DCC /* CheckBoxButtonDelegate.swift */,
				877981392A7F573B00DB0ED0 /* TODOHeaderViewDelegate.swift */,
			);
			path = Interface;
			sourceTree = "<group>";
		};
		873555202A694A810027A847 /* EndPoint */ = {
			isa = PBXGroup;
			children = (
				873555292A694FED0027A847 /* CurrentWeatherEndPoint.swift */,
				873555212A694AA50027A847 /* Interface */,
			);
			path = EndPoint;
			sourceTree = "<group>";
		};
		873555212A694AA50027A847 /* Interface */ = {
			isa = PBXGroup;
			children = (
				873555232A694AB40027A847 /* Requestable.swift */,
				873555252A694ABA0027A847 /* Responsable.swift */,
				873555272A694FBA0027A847 /* RequestResponsable.swift */,
			);
			path = Interface;
			sourceTree = "<group>";
		};
		8735552B2A69510C0027A847 /* API */ = {
			isa = PBXGroup;
			children = (
				8735552C2A6951180027A847 /* OpenWeatherAPI.swift */,
			);
			path = API;
			sourceTree = "<group>";
		};
		8735552E2A69544F0027A847 /* DTO */ = {
			isa = PBXGroup;
			children = (
				8735552F2A6954590027A847 /* OpenWeather */,
			);
			path = DTO;
			sourceTree = "<group>";
		};
		8735552F2A6954590027A847 /* OpenWeather */ = {
			isa = PBXGroup;
			children = (
				873555312A6954700027A847 /* CurrentWeatherDTO.swift */,
				877E3FC52A6E3BB400BB06FA /* TemperatureDTO.swift */,
				877E3FC72A6E3BC500BB06FA /* WeatherDTO.swift */,
			);
			path = OpenWeather;
			sourceTree = "<group>";
		};
		873555392A695B750027A847 /* APIEndPointTest */ = {
			isa = PBXGroup;
			children = (
				873555372A6959DC0027A847 /* OpenWeatherAPIEndPointTest.swift */,
			);
			path = APIEndPointTest;
			sourceTree = "<group>";
		};
		8745697F2A63C8C40092FAE5 /* CoreLocation */ = {
			isa = PBXGroup;
			children = (
				874569802A63C8D80092FAE5 /* LocationManager.swift */,
				8798C5552A6FA61300EE5BF6 /* Error */,
				87978FA22A653E5D009FE7FD /* Interface */,
			);
			path = CoreLocation;
			sourceTree = "<group>";
		};
		876B04E22A668CEF0077486C /* CoreLocationTest */ = {
			isa = PBXGroup;
			children = (
				876B04E02A6689070077486C /* MockLocationFetcher.swift */,
				876B04DC2A6688A30077486C /* CoreLocationTest.swift */,
			);
			path = CoreLocationTest;
			sourceTree = "<group>";
		};
		87880F812A612C4500FF1B4D /* Serialization */ = {
			isa = PBXGroup;
			children = (
				87880F852A612C7700FF1B4D /* Interface */,
				87880F872A612C8B00FF1B4D /* JSONDeserializer.swift */,
			);
			path = Serialization;
			sourceTree = "<group>";
		};
		87880F852A612C7700FF1B4D /* Interface */ = {
			isa = PBXGroup;
			children = (
				87880F822A612C6400FF1B4D /* JSONDeserializable.swift */,
			);
			path = Interface;
			sourceTree = "<group>";
		};
		87978FA22A653E5D009FE7FD /* Interface */ = {
			isa = PBXGroup;
			children = (
				87978FA32A653E68009FE7FD /* LocationFetchable.swift */,
				87978FA52A653E7F009FE7FD /* LocationFetcherDelegate.swift */,
			);
			path = Interface;
			sourceTree = "<group>";
		};
		8798C5552A6FA61300EE5BF6 /* Error */ = {
			isa = PBXGroup;
			children = (
				876B04DA2A66841F0077486C /* LocationError.swift */,
			);
			path = Error;
			sourceTree = "<group>";
		};
		87EA729F2ACBE6C70042DD88 /* Entities */ = {
			isa = PBXGroup;
			children = (
				873555332A6954D10027A847 /* Coordinate.swift */,
				80F90CD02A855E89007E1D23 /* WeatherConditions.swift */,
				87EA72A82ACBED880042DD88 /* CurrentWeather.swift */,
			);
			path = Entities;
			sourceTree = "<group>";
		};
		87EA72A02ACBE6D50042DD88 /* UseCases */ = {
			isa = PBXGroup;
			children = (
			);
			path = UseCases;
			sourceTree = "<group>";
		};
		87EA72A12ACBE6DE0042DD88 /* Interfaces */ = {
			isa = PBXGroup;
			children = (
				87EA72A22ACBE6EB0042DD88 /* Repositories */,
			);
			path = Interfaces;
			sourceTree = "<group>";
		};
		87EA72A22ACBE6EB0042DD88 /* Repositories */ = {
			isa = PBXGroup;
			children = (
				87EA72A62ACBEA260042DD88 /* WeatherRepository.swift */,
				87EA72AC2ACBF1C50042DD88 /* CurrentLocationRepository.swift */,
			);
			path = Repositories;
			sourceTree = "<group>";
		};
		87EA72A32ACBE8B80042DD88 /* Repositories */ = {
			isa = PBXGroup;
			children = (
				87EA72A42ACBE9300042DD88 /* DefaultWeatherRepository.swift */,
				87EA72AA2ACBF1690042DD88 /* DefaultCurrentLocationRepository.swift */,
			);
			path = Repositories;
			sourceTree = "<group>";
		};
		F317094B738C7339B328A52B /* Pods */ = {
			isa = PBXGroup;
			children = (
				5AF9639F8258B0F2AB9B33E5 /* Pods-GoodMorning.debug.xcconfig */,
				44048179FEB6BFA45E48DE05 /* Pods-GoodMorning.release.xcconfig */,
				012F7062FB16EF613A0C57E6 /* Pods-GoodMorning-GoodMorningUITests.debug.xcconfig */,
				0771624D722ED912A3F76032 /* Pods-GoodMorning-GoodMorningUITests.release.xcconfig */,
				6BAC3DBE78E80CAFE9AD5EA6 /* Pods-GoodMorningTests.debug.xcconfig */,
				BC808D177BDBE9A5E89AA608 /* Pods-GoodMorningTests.release.xcconfig */,
			);
			path = Pods;
			sourceTree = "<group>";
		};
/* End PBXGroup section */

/* Begin PBXNativeTarget section */
		80773A7F2A57E6210020F1DD /* GoodMorning */ = {
			isa = PBXNativeTarget;
			buildConfigurationList = 80773AAD2A57E6230020F1DD /* Build configuration list for PBXNativeTarget "GoodMorning" */;
			buildPhases = (
				693C5C209E5C2E15F71B7522 /* [CP] Check Pods Manifest.lock */,
				80773AB62A57EA300020F1DD /* SwiftLint Script */,
				80773A7C2A57E6210020F1DD /* Sources */,
				80773A7D2A57E6210020F1DD /* Frameworks */,
				80773A7E2A57E6210020F1DD /* Resources */,
				2E0C1E96E3E91D4B76A0EC96 /* [CP] Embed Pods Frameworks */,
			);
			buildRules = (
			);
			dependencies = (
			);
			name = GoodMorning;
			productName = GoodMorning;
			productReference = 80773A802A57E6210020F1DD /* GoodMorning.app */;
			productType = "com.apple.product-type.application";
		};
		80773A982A57E6230020F1DD /* GoodMorningTests */ = {
			isa = PBXNativeTarget;
			buildConfigurationList = 80773AB02A57E6230020F1DD /* Build configuration list for PBXNativeTarget "GoodMorningTests" */;
			buildPhases = (
				054C60AD9C99C7F6AD3CABB4 /* [CP] Check Pods Manifest.lock */,
				80773A952A57E6230020F1DD /* Sources */,
				80773A962A57E6230020F1DD /* Frameworks */,
				80773A972A57E6230020F1DD /* Resources */,
			);
			buildRules = (
			);
			dependencies = (
				80773A9B2A57E6230020F1DD /* PBXTargetDependency */,
			);
			name = GoodMorningTests;
			productName = GoodMorningTests;
			productReference = 80773A992A57E6230020F1DD /* GoodMorningTests.xctest */;
			productType = "com.apple.product-type.bundle.unit-test";
		};
		80773AA22A57E6230020F1DD /* GoodMorningUITests */ = {
			isa = PBXNativeTarget;
			buildConfigurationList = 80773AB32A57E6230020F1DD /* Build configuration list for PBXNativeTarget "GoodMorningUITests" */;
			buildPhases = (
				5DE980BB38C03DA08D21DEC6 /* [CP] Check Pods Manifest.lock */,
				80773A9F2A57E6230020F1DD /* Sources */,
				80773AA02A57E6230020F1DD /* Frameworks */,
				80773AA12A57E6230020F1DD /* Resources */,
				5251885F9CF9150746208257 /* [CP] Embed Pods Frameworks */,
			);
			buildRules = (
			);
			dependencies = (
				80773AA52A57E6230020F1DD /* PBXTargetDependency */,
			);
			name = GoodMorningUITests;
			productName = GoodMorningUITests;
			productReference = 80773AA32A57E6230020F1DD /* GoodMorningUITests.xctest */;
			productType = "com.apple.product-type.bundle.ui-testing";
		};
/* End PBXNativeTarget section */

/* Begin PBXProject section */
		80773A782A57E6210020F1DD /* Project object */ = {
			isa = PBXProject;
			attributes = {
				BuildIndependentTargetsInParallel = 1;
				LastSwiftUpdateCheck = 1420;
				LastUpgradeCheck = 1430;
				TargetAttributes = {
					80773A7F2A57E6210020F1DD = {
						CreatedOnToolsVersion = 14.2;
					};
					80773A982A57E6230020F1DD = {
						CreatedOnToolsVersion = 14.2;
						TestTargetID = 80773A7F2A57E6210020F1DD;
					};
					80773AA22A57E6230020F1DD = {
						CreatedOnToolsVersion = 14.2;
						TestTargetID = 80773A7F2A57E6210020F1DD;
					};
				};
			};
			buildConfigurationList = 80773A7B2A57E6210020F1DD /* Build configuration list for PBXProject "GoodMorning" */;
			compatibilityVersion = "Xcode 13.0";
			developmentRegion = en;
			hasScannedForEncodings = 0;
			knownRegions = (
				en,
				Base,
			);
			mainGroup = 80773A772A57E6210020F1DD;
			productRefGroup = 80773A812A57E6210020F1DD /* Products */;
			projectDirPath = "";
			projectRoot = "";
			targets = (
				80773A7F2A57E6210020F1DD /* GoodMorning */,
				80773A982A57E6230020F1DD /* GoodMorningTests */,
				80773AA22A57E6230020F1DD /* GoodMorningUITests */,
			);
		};
/* End PBXProject section */

/* Begin PBXResourcesBuildPhase section */
		80773A7E2A57E6210020F1DD /* Resources */ = {
			isa = PBXResourcesBuildPhase;
			buildActionMask = 2147483647;
			files = (
				8728F3C82A57F3280064A655 /* .swiftlint.yml in Resources */,
				801B3B662A63D6C100B57D19 /* Pretendard-Regular.otf in Resources */,
				801B3B5E2A63D6C100B57D19 /* Pretendard-Bold.otf in Resources */,
				801B3B612A63D6C100B57D19 /* Pretendard-ExtraBold.otf in Resources */,
				801B3B642A63D6C100B57D19 /* Pretendard-Light.otf in Resources */,
				801B3B652A63D6C100B57D19 /* Pretendard-Black.otf in Resources */,
				80773A932A57E6230020F1DD /* LaunchScreen.storyboard in Resources */,
				801B3B6E2A63D87C00B57D19 /* Color.xcassets in Resources */,
				80773A902A57E6230020F1DD /* Assets.xcassets in Resources */,
				801B3B602A63D6C100B57D19 /* Pretendard-Medium.otf in Resources */,
			);
			runOnlyForDeploymentPostprocessing = 0;
		};
		80773A972A57E6230020F1DD /* Resources */ = {
			isa = PBXResourcesBuildPhase;
			buildActionMask = 2147483647;
			files = (
				802CE6FB2A76ABB600F41513 /* CurrentWeather.json in Resources */,
			);
			runOnlyForDeploymentPostprocessing = 0;
		};
		80773AA12A57E6230020F1DD /* Resources */ = {
			isa = PBXResourcesBuildPhase;
			buildActionMask = 2147483647;
			files = (
			);
			runOnlyForDeploymentPostprocessing = 0;
		};
/* End PBXResourcesBuildPhase section */

/* Begin PBXShellScriptBuildPhase section */
		054C60AD9C99C7F6AD3CABB4 /* [CP] Check Pods Manifest.lock */ = {
			isa = PBXShellScriptBuildPhase;
			buildActionMask = 2147483647;
			files = (
			);
			inputFileListPaths = (
			);
			inputPaths = (
				"${PODS_PODFILE_DIR_PATH}/Podfile.lock",
				"${PODS_ROOT}/Manifest.lock",
			);
			name = "[CP] Check Pods Manifest.lock";
			outputFileListPaths = (
			);
			outputPaths = (
				"$(DERIVED_FILE_DIR)/Pods-GoodMorningTests-checkManifestLockResult.txt",
			);
			runOnlyForDeploymentPostprocessing = 0;
			shellPath = /bin/sh;
			shellScript = "diff \"${PODS_PODFILE_DIR_PATH}/Podfile.lock\" \"${PODS_ROOT}/Manifest.lock\" > /dev/null\nif [ $? != 0 ] ; then\n    # print error to STDERR\n    echo \"error: The sandbox is not in sync with the Podfile.lock. Run 'pod install' or update your CocoaPods installation.\" >&2\n    exit 1\nfi\n# This output is used by Xcode 'outputs' to avoid re-running this script phase.\necho \"SUCCESS\" > \"${SCRIPT_OUTPUT_FILE_0}\"\n";
			showEnvVarsInLog = 0;
		};
		2E0C1E96E3E91D4B76A0EC96 /* [CP] Embed Pods Frameworks */ = {
			isa = PBXShellScriptBuildPhase;
			buildActionMask = 2147483647;
			files = (
			);
			inputFileListPaths = (
				"${PODS_ROOT}/Target Support Files/Pods-GoodMorning/Pods-GoodMorning-frameworks-${CONFIGURATION}-input-files.xcfilelist",
			);
			name = "[CP] Embed Pods Frameworks";
			outputFileListPaths = (
				"${PODS_ROOT}/Target Support Files/Pods-GoodMorning/Pods-GoodMorning-frameworks-${CONFIGURATION}-output-files.xcfilelist",
			);
			runOnlyForDeploymentPostprocessing = 0;
			shellPath = /bin/sh;
			shellScript = "\"${PODS_ROOT}/Target Support Files/Pods-GoodMorning/Pods-GoodMorning-frameworks.sh\"\n";
			showEnvVarsInLog = 0;
		};
		5251885F9CF9150746208257 /* [CP] Embed Pods Frameworks */ = {
			isa = PBXShellScriptBuildPhase;
			buildActionMask = 2147483647;
			files = (
			);
			inputFileListPaths = (
				"${PODS_ROOT}/Target Support Files/Pods-GoodMorning-GoodMorningUITests/Pods-GoodMorning-GoodMorningUITests-frameworks-${CONFIGURATION}-input-files.xcfilelist",
			);
			name = "[CP] Embed Pods Frameworks";
			outputFileListPaths = (
				"${PODS_ROOT}/Target Support Files/Pods-GoodMorning-GoodMorningUITests/Pods-GoodMorning-GoodMorningUITests-frameworks-${CONFIGURATION}-output-files.xcfilelist",
			);
			runOnlyForDeploymentPostprocessing = 0;
			shellPath = /bin/sh;
			shellScript = "\"${PODS_ROOT}/Target Support Files/Pods-GoodMorning-GoodMorningUITests/Pods-GoodMorning-GoodMorningUITests-frameworks.sh\"\n";
			showEnvVarsInLog = 0;
		};
		5DE980BB38C03DA08D21DEC6 /* [CP] Check Pods Manifest.lock */ = {
			isa = PBXShellScriptBuildPhase;
			buildActionMask = 2147483647;
			files = (
			);
			inputFileListPaths = (
			);
			inputPaths = (
				"${PODS_PODFILE_DIR_PATH}/Podfile.lock",
				"${PODS_ROOT}/Manifest.lock",
			);
			name = "[CP] Check Pods Manifest.lock";
			outputFileListPaths = (
			);
			outputPaths = (
				"$(DERIVED_FILE_DIR)/Pods-GoodMorning-GoodMorningUITests-checkManifestLockResult.txt",
			);
			runOnlyForDeploymentPostprocessing = 0;
			shellPath = /bin/sh;
			shellScript = "diff \"${PODS_PODFILE_DIR_PATH}/Podfile.lock\" \"${PODS_ROOT}/Manifest.lock\" > /dev/null\nif [ $? != 0 ] ; then\n    # print error to STDERR\n    echo \"error: The sandbox is not in sync with the Podfile.lock. Run 'pod install' or update your CocoaPods installation.\" >&2\n    exit 1\nfi\n# This output is used by Xcode 'outputs' to avoid re-running this script phase.\necho \"SUCCESS\" > \"${SCRIPT_OUTPUT_FILE_0}\"\n";
			showEnvVarsInLog = 0;
		};
		693C5C209E5C2E15F71B7522 /* [CP] Check Pods Manifest.lock */ = {
			isa = PBXShellScriptBuildPhase;
			buildActionMask = 2147483647;
			files = (
			);
			inputFileListPaths = (
			);
			inputPaths = (
				"${PODS_PODFILE_DIR_PATH}/Podfile.lock",
				"${PODS_ROOT}/Manifest.lock",
			);
			name = "[CP] Check Pods Manifest.lock";
			outputFileListPaths = (
			);
			outputPaths = (
				"$(DERIVED_FILE_DIR)/Pods-GoodMorning-checkManifestLockResult.txt",
			);
			runOnlyForDeploymentPostprocessing = 0;
			shellPath = /bin/sh;
			shellScript = "diff \"${PODS_PODFILE_DIR_PATH}/Podfile.lock\" \"${PODS_ROOT}/Manifest.lock\" > /dev/null\nif [ $? != 0 ] ; then\n    # print error to STDERR\n    echo \"error: The sandbox is not in sync with the Podfile.lock. Run 'pod install' or update your CocoaPods installation.\" >&2\n    exit 1\nfi\n# This output is used by Xcode 'outputs' to avoid re-running this script phase.\necho \"SUCCESS\" > \"${SCRIPT_OUTPUT_FILE_0}\"\n";
			showEnvVarsInLog = 0;
		};
		80773AB62A57EA300020F1DD /* SwiftLint Script */ = {
			isa = PBXShellScriptBuildPhase;
			alwaysOutOfDate = 1;
			buildActionMask = 2147483647;
			files = (
			);
			inputFileListPaths = (
			);
			inputPaths = (
			);
			name = "SwiftLint Script";
			outputFileListPaths = (
			);
			outputPaths = (
			);
			runOnlyForDeploymentPostprocessing = 0;
			shellPath = /bin/sh;
			shellScript = "\"${PODS_ROOT}/SwiftLint/swiftlint\"\n";
		};
/* End PBXShellScriptBuildPhase section */

/* Begin PBXSourcesBuildPhase section */
		80773A7C2A57E6210020F1DD /* Sources */ = {
			isa = PBXSourcesBuildPhase;
			buildActionMask = 2147483647;
			files = (
				87EA72AB2ACBF1690042DD88 /* DefaultCurrentLocationRepository.swift in Sources */,
				8735552A2A694FED0027A847 /* CurrentWeatherEndPoint.swift in Sources */,
				8744BAE32A8E0B0100449FD9 /* CALayer+.swift in Sources */,
				873555282A694FBA0027A847 /* RequestResponsable.swift in Sources */,
				80B699632ACBE53F00CD3F8C /* MorningRoutine+CoreDataClass.swift in Sources */,
				80F90C662A7BC48E007E1D23 /* NetworkSessionProvidable.swift in Sources */,
				80F90CC22A84C7EB007E1D23 /* HomeView.swift in Sources */,
				80F90CFD2A8F095A007E1D23 /* Images.swift in Sources */,
				877E3FC82A6E3BC500BB06FA /* WeatherDTO.swift in Sources */,
				80F90CCF2A855CDA007E1D23 /* WeatherStackView.swift in Sources */,
				87978FAB2A653EF4009FE7FD /* CLLocationManager+.swift in Sources */,
				80B699592ACBE22000CD3F8C /* GoodMorning.xcdatamodeld in Sources */,
				80F90D012A8F3E7B007E1D23 /* HomeViewController.swift in Sources */,
				873555242A694AB40027A847 /* Requestable.swift in Sources */,
				805EA6CC2AA376DC00A3545C /* Character+.swift in Sources */,
				873555322A6954700027A847 /* CurrentWeatherDTO.swift in Sources */,
				87EFC1112A8203F900843DCC /* TODOCollectionViewItem.swift in Sources */,
				873555262A694ABA0027A847 /* Responsable.swift in Sources */,
				87EA72A92ACBED880042DD88 /* CurrentWeather.swift in Sources */,
				805EA6B62A98AA8B00A3545C /* TODOModalViewController.swift in Sources */,
				80773A842A57E6210020F1DD /* AppDelegate.swift in Sources */,
				877E3FC62A6E3BB400BB06FA /* TemperatureDTO.swift in Sources */,
				80F90CD12A855E89007E1D23 /* WeatherConditions.swift in Sources */,
				873555342A6954D10027A847 /* Coordinate.swift in Sources */,
				80EB031E2A6EC82F00455E05 /* NetworkService.swift in Sources */,
				801B3B6A2A63D7A100B57D19 /* UIFont+.swift in Sources */,
				801B3B702A63D92500B57D19 /* Palette.swift in Sources */,
				8060B40D2A6128FC00726C83 /* NetworkSession.swift in Sources */,
				87880F832A612C6400FF1B4D /* JSONDeserializable.swift in Sources */,
				80F90C622A7BB8FE007E1D23 /* URLSessionProvidable.swift in Sources */,
				80B6995D2ACBE2F800CD3F8C /* DefaultCoreDataStack.swift in Sources */,
				875C79C92A7CE5D400B93DBD /* CheckBoxButton.swift in Sources */,
				875C79C72A7CD27600B93DBD /* CircleImageView.swift in Sources */,
				87EA72A52ACBE9300042DD88 /* DefaultWeatherRepository.swift in Sources */,
				8060B4102A6129A400726C83 /* NetworkError.swift in Sources */,
				87978FA42A653E68009FE7FD /* LocationFetchable.swift in Sources */,
				80F90CCB2A84CF6C007E1D23 /* UIStackVeiw+.swift in Sources */,
				874569812A63C8D80092FAE5 /* LocationManager.swift in Sources */,
				8779813A2A7F573B00DB0ED0 /* TODOHeaderViewDelegate.swift in Sources */,
				80773A862A57E6210020F1DD /* SceneDelegate.swift in Sources */,
				8060B4142A612A5C00726C83 /* URLResponse+.swift in Sources */,
				805EA6B92A99ECAD00A3545C /* PrioritySegmentedControl.swift in Sources */,
				87EFC1192A8223D300843DCC /* CheckBoxButtonDelegate.swift in Sources */,
				875C79C52A7CC46400B93DBD /* TODOListCell.swift in Sources */,
				87EA72A72ACBEA260042DD88 /* WeatherRepository.swift in Sources */,
				87880F882A612C8B00FF1B4D /* JSONDeserializer.swift in Sources */,
				80B6995C2ACBE2F400CD3F8C /* ManagedEntity.swift in Sources */,
				80F90CC72A84CA51007E1D23 /* PretendardLabel.swift in Sources */,
				876B04DB2A66841F0077486C /* LocationError.swift in Sources */,
				801B3B722A63D94E00B57D19 /* UIColor+.swift in Sources */,
				875C79CD2A7CEED300B93DBD /* Priority.swift in Sources */,
				87EA72AD2ACBF1C50042DD88 /* CurrentLocationRepository.swift in Sources */,
				875C79CF2A7CF85B00B93DBD /* TODOHeaderView.swift in Sources */,
				80B699622ACBE53F00CD3F8C /* MorningRoutine+CoreDataProperties.swift in Sources */,
				805EA6BB2A9A4BF700A3545C /* EmojiTextField.swift in Sources */,
				80F90CD32A860E06007E1D23 /* Int+.swift in Sources */,
				80F90CC52A84C91D007E1D23 /* DoubleLabelStackView.swift in Sources */,
				8735552D2A6951180027A847 /* OpenWeatherAPI.swift in Sources */,
				8060B4192A6131E100726C83 /* Bundle+.swift in Sources */,
				80F90CCD2A84E13D007E1D23 /* TodayLuckStackView.swift in Sources */,
				87978FA62A653E7F009FE7FD /* LocationFetcherDelegate.swift in Sources */,
				80F90CFB2A8F092C007E1D23 /* UIImage+.swift in Sources */,
				80B6995F2ACBE41400CD3F8C /* CoreDataStack.swift in Sources */,
			);
			runOnlyForDeploymentPostprocessing = 0;
		};
		80773A952A57E6230020F1DD /* Sources */ = {
			isa = PBXSourcesBuildPhase;
			buildActionMask = 2147483647;
			files = (
				802CE7062A77683700F41513 /* NetworkTestSetup.swift in Sources */,
				802CE6FE2A76ACBC00F41513 /* JSONLoader.swift in Sources */,
				802CE7042A7767E500F41513 /* SerializationTests.swift in Sources */,
				80773A9E2A57E6230020F1DD /* GoodMorningTests.swift in Sources */,
				803569DC2A768E76001C92BC /* CurrentWeather.json in Sources */,
				873555382A6959DC0027A847 /* OpenWeatherAPIEndPointTest.swift in Sources */,
				876B04E12A6689070077486C /* MockLocationFetcher.swift in Sources */,
				876B04DD2A6688A30077486C /* CoreLocationTest.swift in Sources */,
				803569D92A768C68001C92BC /* NetworkSessionTests.swift in Sources */,
				803569D52A768C04001C92BC /* URLSessionStub.swift in Sources */,
			);
			runOnlyForDeploymentPostprocessing = 0;
		};
		80773A9F2A57E6230020F1DD /* Sources */ = {
			isa = PBXSourcesBuildPhase;
			buildActionMask = 2147483647;
			files = (
				80773AAA2A57E6230020F1DD /* GoodMorningUITestsLaunchTests.swift in Sources */,
				80773AA82A57E6230020F1DD /* GoodMorningUITests.swift in Sources */,
			);
			runOnlyForDeploymentPostprocessing = 0;
		};
/* End PBXSourcesBuildPhase section */

/* Begin PBXTargetDependency section */
		80773A9B2A57E6230020F1DD /* PBXTargetDependency */ = {
			isa = PBXTargetDependency;
			target = 80773A7F2A57E6210020F1DD /* GoodMorning */;
			targetProxy = 80773A9A2A57E6230020F1DD /* PBXContainerItemProxy */;
		};
		80773AA52A57E6230020F1DD /* PBXTargetDependency */ = {
			isa = PBXTargetDependency;
			target = 80773A7F2A57E6210020F1DD /* GoodMorning */;
			targetProxy = 80773AA42A57E6230020F1DD /* PBXContainerItemProxy */;
		};
/* End PBXTargetDependency section */

/* Begin PBXVariantGroup section */
		80773A912A57E6230020F1DD /* LaunchScreen.storyboard */ = {
			isa = PBXVariantGroup;
			children = (
				80773A922A57E6230020F1DD /* Base */,
			);
			name = LaunchScreen.storyboard;
			sourceTree = "<group>";
		};
/* End PBXVariantGroup section */

/* Begin XCBuildConfiguration section */
		80773AAB2A57E6230020F1DD /* Debug */ = {
			isa = XCBuildConfiguration;
			buildSettings = {
				ALWAYS_SEARCH_USER_PATHS = NO;
				CLANG_ANALYZER_NONNULL = YES;
				CLANG_ANALYZER_NUMBER_OBJECT_CONVERSION = YES_AGGRESSIVE;
				CLANG_CXX_LANGUAGE_STANDARD = "gnu++20";
				CLANG_ENABLE_MODULES = YES;
				CLANG_ENABLE_OBJC_ARC = YES;
				CLANG_ENABLE_OBJC_WEAK = YES;
				CLANG_WARN_BLOCK_CAPTURE_AUTORELEASING = YES;
				CLANG_WARN_BOOL_CONVERSION = YES;
				CLANG_WARN_COMMA = YES;
				CLANG_WARN_CONSTANT_CONVERSION = YES;
				CLANG_WARN_DEPRECATED_OBJC_IMPLEMENTATIONS = YES;
				CLANG_WARN_DIRECT_OBJC_ISA_USAGE = YES_ERROR;
				CLANG_WARN_DOCUMENTATION_COMMENTS = YES;
				CLANG_WARN_EMPTY_BODY = YES;
				CLANG_WARN_ENUM_CONVERSION = YES;
				CLANG_WARN_INFINITE_RECURSION = YES;
				CLANG_WARN_INT_CONVERSION = YES;
				CLANG_WARN_NON_LITERAL_NULL_CONVERSION = YES;
				CLANG_WARN_OBJC_IMPLICIT_RETAIN_SELF = YES;
				CLANG_WARN_OBJC_LITERAL_CONVERSION = YES;
				CLANG_WARN_OBJC_ROOT_CLASS = YES_ERROR;
				CLANG_WARN_QUOTED_INCLUDE_IN_FRAMEWORK_HEADER = YES;
				CLANG_WARN_RANGE_LOOP_ANALYSIS = YES;
				CLANG_WARN_STRICT_PROTOTYPES = YES;
				CLANG_WARN_SUSPICIOUS_MOVE = YES;
				CLANG_WARN_UNGUARDED_AVAILABILITY = YES_AGGRESSIVE;
				CLANG_WARN_UNREACHABLE_CODE = YES;
				CLANG_WARN__DUPLICATE_METHOD_MATCH = YES;
				COPY_PHASE_STRIP = NO;
				DEBUG_INFORMATION_FORMAT = dwarf;
				ENABLE_STRICT_OBJC_MSGSEND = YES;
				ENABLE_TESTABILITY = YES;
				GCC_C_LANGUAGE_STANDARD = gnu11;
				GCC_DYNAMIC_NO_PIC = NO;
				GCC_NO_COMMON_BLOCKS = YES;
				GCC_OPTIMIZATION_LEVEL = 0;
				GCC_PREPROCESSOR_DEFINITIONS = (
					"DEBUG=1",
					"$(inherited)",
				);
				GCC_WARN_64_TO_32_BIT_CONVERSION = YES;
				GCC_WARN_ABOUT_RETURN_TYPE = YES_ERROR;
				GCC_WARN_UNDECLARED_SELECTOR = YES;
				GCC_WARN_UNINITIALIZED_AUTOS = YES_AGGRESSIVE;
				GCC_WARN_UNUSED_FUNCTION = YES;
				GCC_WARN_UNUSED_VARIABLE = YES;
				IPHONEOS_DEPLOYMENT_TARGET = 16.0;
				MTL_ENABLE_DEBUG_INFO = INCLUDE_SOURCE;
				MTL_FAST_MATH = YES;
				ONLY_ACTIVE_ARCH = YES;
				SDKROOT = iphoneos;
				SWIFT_ACTIVE_COMPILATION_CONDITIONS = DEBUG;
				SWIFT_OPTIMIZATION_LEVEL = "-Onone";
			};
			name = Debug;
		};
		80773AAC2A57E6230020F1DD /* Release */ = {
			isa = XCBuildConfiguration;
			buildSettings = {
				ALWAYS_SEARCH_USER_PATHS = NO;
				CLANG_ANALYZER_NONNULL = YES;
				CLANG_ANALYZER_NUMBER_OBJECT_CONVERSION = YES_AGGRESSIVE;
				CLANG_CXX_LANGUAGE_STANDARD = "gnu++20";
				CLANG_ENABLE_MODULES = YES;
				CLANG_ENABLE_OBJC_ARC = YES;
				CLANG_ENABLE_OBJC_WEAK = YES;
				CLANG_WARN_BLOCK_CAPTURE_AUTORELEASING = YES;
				CLANG_WARN_BOOL_CONVERSION = YES;
				CLANG_WARN_COMMA = YES;
				CLANG_WARN_CONSTANT_CONVERSION = YES;
				CLANG_WARN_DEPRECATED_OBJC_IMPLEMENTATIONS = YES;
				CLANG_WARN_DIRECT_OBJC_ISA_USAGE = YES_ERROR;
				CLANG_WARN_DOCUMENTATION_COMMENTS = YES;
				CLANG_WARN_EMPTY_BODY = YES;
				CLANG_WARN_ENUM_CONVERSION = YES;
				CLANG_WARN_INFINITE_RECURSION = YES;
				CLANG_WARN_INT_CONVERSION = YES;
				CLANG_WARN_NON_LITERAL_NULL_CONVERSION = YES;
				CLANG_WARN_OBJC_IMPLICIT_RETAIN_SELF = YES;
				CLANG_WARN_OBJC_LITERAL_CONVERSION = YES;
				CLANG_WARN_OBJC_ROOT_CLASS = YES_ERROR;
				CLANG_WARN_QUOTED_INCLUDE_IN_FRAMEWORK_HEADER = YES;
				CLANG_WARN_RANGE_LOOP_ANALYSIS = YES;
				CLANG_WARN_STRICT_PROTOTYPES = YES;
				CLANG_WARN_SUSPICIOUS_MOVE = YES;
				CLANG_WARN_UNGUARDED_AVAILABILITY = YES_AGGRESSIVE;
				CLANG_WARN_UNREACHABLE_CODE = YES;
				CLANG_WARN__DUPLICATE_METHOD_MATCH = YES;
				COPY_PHASE_STRIP = NO;
				DEBUG_INFORMATION_FORMAT = "dwarf-with-dsym";
				ENABLE_NS_ASSERTIONS = NO;
				ENABLE_STRICT_OBJC_MSGSEND = YES;
				GCC_C_LANGUAGE_STANDARD = gnu11;
				GCC_NO_COMMON_BLOCKS = YES;
				GCC_WARN_64_TO_32_BIT_CONVERSION = YES;
				GCC_WARN_ABOUT_RETURN_TYPE = YES_ERROR;
				GCC_WARN_UNDECLARED_SELECTOR = YES;
				GCC_WARN_UNINITIALIZED_AUTOS = YES_AGGRESSIVE;
				GCC_WARN_UNUSED_FUNCTION = YES;
				GCC_WARN_UNUSED_VARIABLE = YES;
				IPHONEOS_DEPLOYMENT_TARGET = 16.0;
				MTL_ENABLE_DEBUG_INFO = NO;
				MTL_FAST_MATH = YES;
				SDKROOT = iphoneos;
				SWIFT_COMPILATION_MODE = wholemodule;
				SWIFT_OPTIMIZATION_LEVEL = "-O";
				VALIDATE_PRODUCT = YES;
			};
			name = Release;
		};
		80773AAE2A57E6230020F1DD /* Debug */ = {
			isa = XCBuildConfiguration;
			baseConfigurationReference = 5AF9639F8258B0F2AB9B33E5 /* Pods-GoodMorning.debug.xcconfig */;
			buildSettings = {
				ASSETCATALOG_COMPILER_APPICON_NAME = AppIcon;
				ASSETCATALOG_COMPILER_GLOBAL_ACCENT_COLOR_NAME = AccentColor;
				CODE_SIGN_STYLE = Automatic;
				CURRENT_PROJECT_VERSION = 1;
				DEVELOPMENT_TEAM = F2W258F5P6;
				GENERATE_INFOPLIST_FILE = YES;
				INFOPLIST_FILE = GoodMorning/Info.plist;
				INFOPLIST_KEY_UIApplicationSupportsIndirectInputEvents = YES;
				INFOPLIST_KEY_UILaunchStoryboardName = LaunchScreen;
				INFOPLIST_KEY_UISupportedInterfaceOrientations_iPad = "UIInterfaceOrientationPortrait UIInterfaceOrientationPortraitUpsideDown UIInterfaceOrientationLandscapeLeft UIInterfaceOrientationLandscapeRight";
				INFOPLIST_KEY_UISupportedInterfaceOrientations_iPhone = "UIInterfaceOrientationPortrait UIInterfaceOrientationLandscapeLeft UIInterfaceOrientationLandscapeRight";
				IPHONEOS_DEPLOYMENT_TARGET = 16.0;
				LD_RUNPATH_SEARCH_PATHS = (
					"$(inherited)",
					"@executable_path/Frameworks",
				);
				MARKETING_VERSION = 1.0;
				PRODUCT_BUNDLE_IDENTIFIER = com.longlivedrgn;
				PRODUCT_NAME = "$(TARGET_NAME)";
				SWIFT_EMIT_LOC_STRINGS = YES;
				SWIFT_VERSION = 5.0;
				TARGETED_DEVICE_FAMILY = "1,2";
			};
			name = Debug;
		};
		80773AAF2A57E6230020F1DD /* Release */ = {
			isa = XCBuildConfiguration;
			baseConfigurationReference = 44048179FEB6BFA45E48DE05 /* Pods-GoodMorning.release.xcconfig */;
			buildSettings = {
				ASSETCATALOG_COMPILER_APPICON_NAME = AppIcon;
				ASSETCATALOG_COMPILER_GLOBAL_ACCENT_COLOR_NAME = AccentColor;
				CODE_SIGN_STYLE = Automatic;
				CURRENT_PROJECT_VERSION = 1;
				DEVELOPMENT_TEAM = 9XR48RYD63;
				GENERATE_INFOPLIST_FILE = YES;
				INFOPLIST_FILE = GoodMorning/Info.plist;
				INFOPLIST_KEY_UIApplicationSupportsIndirectInputEvents = YES;
				INFOPLIST_KEY_UILaunchStoryboardName = LaunchScreen;
				INFOPLIST_KEY_UISupportedInterfaceOrientations_iPad = "UIInterfaceOrientationPortrait UIInterfaceOrientationPortraitUpsideDown UIInterfaceOrientationLandscapeLeft UIInterfaceOrientationLandscapeRight";
				INFOPLIST_KEY_UISupportedInterfaceOrientations_iPhone = "UIInterfaceOrientationPortrait UIInterfaceOrientationLandscapeLeft UIInterfaceOrientationLandscapeRight";
				IPHONEOS_DEPLOYMENT_TARGET = 16.0;
				LD_RUNPATH_SEARCH_PATHS = (
					"$(inherited)",
					"@executable_path/Frameworks",
				);
				MARKETING_VERSION = 1.0;
				PRODUCT_BUNDLE_IDENTIFIER = com.longlivedrgn;
				PRODUCT_NAME = "$(TARGET_NAME)";
				SWIFT_EMIT_LOC_STRINGS = YES;
				SWIFT_VERSION = 5.0;
				TARGETED_DEVICE_FAMILY = "1,2";
			};
			name = Release;
		};
		80773AB12A57E6230020F1DD /* Debug */ = {
			isa = XCBuildConfiguration;
			baseConfigurationReference = 6BAC3DBE78E80CAFE9AD5EA6 /* Pods-GoodMorningTests.debug.xcconfig */;
			buildSettings = {
				ALWAYS_EMBED_SWIFT_STANDARD_LIBRARIES = YES;
				BUNDLE_LOADER = "$(TEST_HOST)";
				CODE_SIGN_STYLE = Automatic;
				CURRENT_PROJECT_VERSION = 1;
				DEVELOPMENT_TEAM = F2W258F5P6;
				GENERATE_INFOPLIST_FILE = YES;
				IPHONEOS_DEPLOYMENT_TARGET = 16.2;
				MARKETING_VERSION = 1.0;
				PRODUCT_BUNDLE_IDENTIFIER = com.sunny.GoodMorningTests;
				PRODUCT_NAME = "$(TARGET_NAME)";
				SWIFT_EMIT_LOC_STRINGS = NO;
				SWIFT_VERSION = 5.0;
				TARGETED_DEVICE_FAMILY = "1,2";
				TEST_HOST = "$(BUILT_PRODUCTS_DIR)/GoodMorning.app/$(BUNDLE_EXECUTABLE_FOLDER_PATH)/GoodMorning";
			};
			name = Debug;
		};
		80773AB22A57E6230020F1DD /* Release */ = {
			isa = XCBuildConfiguration;
			baseConfigurationReference = BC808D177BDBE9A5E89AA608 /* Pods-GoodMorningTests.release.xcconfig */;
			buildSettings = {
				ALWAYS_EMBED_SWIFT_STANDARD_LIBRARIES = YES;
				BUNDLE_LOADER = "$(TEST_HOST)";
				CODE_SIGN_STYLE = Automatic;
				CURRENT_PROJECT_VERSION = 1;
				DEVELOPMENT_TEAM = F2W258F5P6;
				GENERATE_INFOPLIST_FILE = YES;
				IPHONEOS_DEPLOYMENT_TARGET = 16.2;
				MARKETING_VERSION = 1.0;
				PRODUCT_BUNDLE_IDENTIFIER = com.sunny.GoodMorningTests;
				PRODUCT_NAME = "$(TARGET_NAME)";
				SWIFT_EMIT_LOC_STRINGS = NO;
				SWIFT_VERSION = 5.0;
				TARGETED_DEVICE_FAMILY = "1,2";
				TEST_HOST = "$(BUILT_PRODUCTS_DIR)/GoodMorning.app/$(BUNDLE_EXECUTABLE_FOLDER_PATH)/GoodMorning";
			};
			name = Release;
		};
		80773AB42A57E6230020F1DD /* Debug */ = {
			isa = XCBuildConfiguration;
			baseConfigurationReference = 012F7062FB16EF613A0C57E6 /* Pods-GoodMorning-GoodMorningUITests.debug.xcconfig */;
			buildSettings = {
				ALWAYS_EMBED_SWIFT_STANDARD_LIBRARIES = YES;
				CODE_SIGN_STYLE = Automatic;
				CURRENT_PROJECT_VERSION = 1;
				DEVELOPMENT_TEAM = F2W258F5P6;
				GENERATE_INFOPLIST_FILE = YES;
				MARKETING_VERSION = 1.0;
				PRODUCT_BUNDLE_IDENTIFIER = com.sunny.GoodMorningUITests;
				PRODUCT_NAME = "$(TARGET_NAME)";
				SWIFT_EMIT_LOC_STRINGS = NO;
				SWIFT_VERSION = 5.0;
				TARGETED_DEVICE_FAMILY = "1,2";
				TEST_TARGET_NAME = GoodMorning;
			};
			name = Debug;
		};
		80773AB52A57E6230020F1DD /* Release */ = {
			isa = XCBuildConfiguration;
			baseConfigurationReference = 0771624D722ED912A3F76032 /* Pods-GoodMorning-GoodMorningUITests.release.xcconfig */;
			buildSettings = {
				ALWAYS_EMBED_SWIFT_STANDARD_LIBRARIES = YES;
				CODE_SIGN_STYLE = Automatic;
				CURRENT_PROJECT_VERSION = 1;
				DEVELOPMENT_TEAM = F2W258F5P6;
				GENERATE_INFOPLIST_FILE = YES;
				MARKETING_VERSION = 1.0;
				PRODUCT_BUNDLE_IDENTIFIER = com.sunny.GoodMorningUITests;
				PRODUCT_NAME = "$(TARGET_NAME)";
				SWIFT_EMIT_LOC_STRINGS = NO;
				SWIFT_VERSION = 5.0;
				TARGETED_DEVICE_FAMILY = "1,2";
				TEST_TARGET_NAME = GoodMorning;
			};
			name = Release;
		};
/* End XCBuildConfiguration section */

/* Begin XCConfigurationList section */
		80773A7B2A57E6210020F1DD /* Build configuration list for PBXProject "GoodMorning" */ = {
			isa = XCConfigurationList;
			buildConfigurations = (
				80773AAB2A57E6230020F1DD /* Debug */,
				80773AAC2A57E6230020F1DD /* Release */,
			);
			defaultConfigurationIsVisible = 0;
			defaultConfigurationName = Debug;
		};
		80773AAD2A57E6230020F1DD /* Build configuration list for PBXNativeTarget "GoodMorning" */ = {
			isa = XCConfigurationList;
			buildConfigurations = (
				80773AAE2A57E6230020F1DD /* Debug */,
				80773AAF2A57E6230020F1DD /* Release */,
			);
			defaultConfigurationIsVisible = 0;
			defaultConfigurationName = Debug;
		};
		80773AB02A57E6230020F1DD /* Build configuration list for PBXNativeTarget "GoodMorningTests" */ = {
			isa = XCConfigurationList;
			buildConfigurations = (
				80773AB12A57E6230020F1DD /* Debug */,
				80773AB22A57E6230020F1DD /* Release */,
			);
			defaultConfigurationIsVisible = 0;
			defaultConfigurationName = Debug;
		};
		80773AB32A57E6230020F1DD /* Build configuration list for PBXNativeTarget "GoodMorningUITests" */ = {
			isa = XCConfigurationList;
			buildConfigurations = (
				80773AB42A57E6230020F1DD /* Debug */,
				80773AB52A57E6230020F1DD /* Release */,
			);
			defaultConfigurationIsVisible = 0;
			defaultConfigurationName = Debug;
		};
/* End XCConfigurationList section */

/* Begin XCVersionGroup section */
		80611FC62A6E7BB00093E958 /* GoodMorning.xcdatamodeld */ = {
			isa = XCVersionGroup;
			children = (
				80611FC72A6E7BB00093E958 /* GoodMorning.xcdatamodel */,
			);
			currentVersion = 80611FC72A6E7BB00093E958 /* GoodMorning.xcdatamodel */;
			path = GoodMorning.xcdatamodeld;
			sourceTree = "<group>";
			versionGroupType = wrapper.xcdatamodel;
		};
/* End XCVersionGroup section */
	};
	rootObject = 80773A782A57E6210020F1DD /* Project object */;
}
